// !$*UTF8*$!
{
	archiveVersion = 1;
	classes = {
	};
	objectVersion = 46;
	objects = {

/* Begin PBXBuildFile section */
		B24106F322450B860014E4D0 /* MainMenu.xib in Resources */ = {isa = PBXBuildFile; fileRef = 29B97318FDCFA39411CA2CEA /* MainMenu.xib */; };
		B24106F422450B860014E4D0 /* InfoPlist.strings in Resources */ = {isa = PBXBuildFile; fileRef = 089C165CFE840E0CC02AAC07 /* InfoPlist.strings */; };
		B24106F522450B860014E4D0 /* LICENSE in Resources */ = {isa = PBXBuildFile; fileRef = B30134611A964E2600AF6C4E /* LICENSE */; };
		B24106F722450B860014E4D0 /* NSString+Punycode.m in Sources */ = {isa = PBXBuildFile; fileRef = B301345D1A964E1E00AF6C4E /* NSString+Punycode.m */; settings = {COMPILER_FLAGS = "-fno-objc-arc"; }; };
		B24106F822450B860014E4D0 /* main.m in Sources */ = {isa = PBXBuildFile; fileRef = 29B97316FDCFA39411CA2CEA /* main.m */; settings = {ATTRIBUTES = (); }; };
		B24106FB22450B860014E4D0 /* libicucore.tbd in Frameworks */ = {isa = PBXBuildFile; fileRef = B26FA03C2055425C00CD6AF1 /* libicucore.tbd */; };
		B24106FC22450B860014E4D0 /* WebKit.framework in Frameworks */ = {isa = PBXBuildFile; fileRef = B25753821F3CE9A9002606DD /* WebKit.framework */; settings = {ATTRIBUTES = (Required, ); }; };
		B24106FD22450B860014E4D0 /* Cocoa.framework in Frameworks */ = {isa = PBXBuildFile; fileRef = 1058C7A1FEA54F0111CA2CBB /* Cocoa.framework */; };
		B245857A2423206100CC75A4 /* PunycodeSwiftTests.swift in Sources */ = {isa = PBXBuildFile; fileRef = B24585792423206100CC75A4 /* PunycodeSwiftTests.swift */; };
		B245857F2423214300CC75A4 /* String+Punycode.swift in Sources */ = {isa = PBXBuildFile; fileRef = B2C3DCC1241FE95B00484850 /* String+Punycode.swift */; };
		B2552E2022B134650015B473 /* AppDelegate.m in Sources */ = {isa = PBXBuildFile; fileRef = B2552E1F22B134650015B473 /* AppDelegate.m */; };
		B2552E2322B134650015B473 /* ViewController.m in Sources */ = {isa = PBXBuildFile; fileRef = B2552E2222B134650015B473 /* ViewController.m */; };
		B2552E2622B134650015B473 /* Main.storyboard in Resources */ = {isa = PBXBuildFile; fileRef = B2552E2422B134650015B473 /* Main.storyboard */; };
		B2552E2822B134680015B473 /* Assets.xcassets in Resources */ = {isa = PBXBuildFile; fileRef = B2552E2722B134680015B473 /* Assets.xcassets */; };
		B2552E2B22B134680015B473 /* LaunchScreen.storyboard in Resources */ = {isa = PBXBuildFile; fileRef = B2552E2922B134680015B473 /* LaunchScreen.storyboard */; };
		B2552E2E22B134680015B473 /* main.m in Sources */ = {isa = PBXBuildFile; fileRef = B2552E2D22B134680015B473 /* main.m */; };
		B2552E3222B134C40015B473 /* NSString+Punycode.m in Sources */ = {isa = PBXBuildFile; fileRef = B301345D1A964E1E00AF6C4E /* NSString+Punycode.m */; };
		B2552E3522B13CBC0015B473 /* Controller.m in Sources */ = {isa = PBXBuildFile; fileRef = B2552E3422B13CBC0015B473 /* Controller.m */; };
		B2552E3622B13CBC0015B473 /* Controller.m in Sources */ = {isa = PBXBuildFile; fileRef = B2552E3422B13CBC0015B473 /* Controller.m */; };
		B255A5641500C4800073DF21 /* InfoPlist.strings in Resources */ = {isa = PBXBuildFile; fileRef = B255A5621500C4800073DF21 /* InfoPlist.strings */; };
		B255A5671500C4800073DF21 /* PunycodeTests.m in Sources */ = {isa = PBXBuildFile; fileRef = B255A5661500C4800073DF21 /* PunycodeTests.m */; };
		B25753831F3CE9A9002606DD /* WebKit.framework in Frameworks */ = {isa = PBXBuildFile; fileRef = B25753821F3CE9A9002606DD /* WebKit.framework */; settings = {ATTRIBUTES = (Required, ); }; };
		B26FA03D2055425C00CD6AF1 /* libicucore.tbd in Frameworks */ = {isa = PBXBuildFile; fileRef = B26FA03C2055425C00CD6AF1 /* libicucore.tbd */; settings = {ATTRIBUTES = (Weak, ); }; };
		B2B4F3D0242EB79E00CC752F /* main.swift in Sources */ = {isa = PBXBuildFile; fileRef = B2B4F3CF242EB79E00CC752F /* main.swift */; };
		B2C3DD45241FECF200484850 /* AppDelegate.swift in Sources */ = {isa = PBXBuildFile; fileRef = B2C3DD44241FECF200484850 /* AppDelegate.swift */; };
		B2C3DD47241FECF400484850 /* Assets.xcassets in Resources */ = {isa = PBXBuildFile; fileRef = B2C3DD46241FECF400484850 /* Assets.xcassets */; };
		B2C3DD50241FED0900484850 /* String+Punycode.swift in Sources */ = {isa = PBXBuildFile; fileRef = B2C3DCC1241FE95B00484850 /* String+Punycode.swift */; };
		B2C3DD55241FEDF900484850 /* Controller.swift in Sources */ = {isa = PBXBuildFile; fileRef = B2C3DD54241FEDF900484850 /* Controller.swift */; };
		B2C3DD56241FEE5A00484850 /* MainMenu.xib in Resources */ = {isa = PBXBuildFile; fileRef = B2C3DD52241FEDC800484850 /* MainMenu.xib */; };
		B2CF9C68243070F900A23B4E /* UTS46.swift in Sources */ = {isa = PBXBuildFile; fileRef = B2B4F3D4242ECD1C00CC752F /* UTS46.swift */; };
		B2D4B71A2425902800B72AC6 /* libicucore.tbd in Frameworks */ = {isa = PBXBuildFile; fileRef = B26FA03C2055425C00CD6AF1 /* libicucore.tbd */; settings = {ATTRIBUTES = (Required, ); }; };
		B2D4B71C2425903000B72AC6 /* libicucore.tbd in Frameworks */ = {isa = PBXBuildFile; fileRef = B2D4B71B2425903000B72AC6 /* libicucore.tbd */; settings = {ATTRIBUTES = (Weak, ); }; };
		B2D4E99808E0191700574ACD /* MainMenu.xib in Resources */ = {isa = PBXBuildFile; fileRef = 29B97318FDCFA39411CA2CEA /* MainMenu.xib */; };
		B2D4E99908E0191700574ACD /* InfoPlist.strings in Resources */ = {isa = PBXBuildFile; fileRef = 089C165CFE840E0CC02AAC07 /* InfoPlist.strings */; };
		B2D4E99B08E0191700574ACD /* main.m in Sources */ = {isa = PBXBuildFile; fileRef = 29B97316FDCFA39411CA2CEA /* main.m */; settings = {ATTRIBUTES = (); }; };
		B2D4E99F08E0191700574ACD /* Cocoa.framework in Frameworks */ = {isa = PBXBuildFile; fileRef = 1058C7A1FEA54F0111CA2CBB /* Cocoa.framework */; };
		B301345F1A964E1E00AF6C4E /* NSString+Punycode.m in Sources */ = {isa = PBXBuildFile; fileRef = B301345D1A964E1E00AF6C4E /* NSString+Punycode.m */; };
		B30134601A964E1E00AF6C4E /* NSString+Punycode.m in Sources */ = {isa = PBXBuildFile; fileRef = B301345D1A964E1E00AF6C4E /* NSString+Punycode.m */; };
		B30134631A964E2600AF6C4E /* LICENSE in Resources */ = {isa = PBXBuildFile; fileRef = B30134611A964E2600AF6C4E /* LICENSE */; };
		B30134641A964E2600AF6C4E /* LICENSE in Resources */ = {isa = PBXBuildFile; fileRef = B30134611A964E2600AF6C4E /* LICENSE */; };
/* End PBXBuildFile section */

/* Begin PBXBuildRule section */
		B24106FE22450B860014E4D0 /* PBXBuildRule */ = {
			isa = PBXBuildRule;
			compilerSpec = com.apple.compilers.gcc;
			fileType = sourcecode.c;
			inputFiles = (
			);
			isEditable = 1;
			outputFiles = (
			);
			script = "";
		};
		B2D4E9A108E0191800574ACD /* PBXBuildRule */ = {
			isa = PBXBuildRule;
			compilerSpec = com.apple.compilers.gcc;
			fileType = sourcecode.c;
			inputFiles = (
			);
			isEditable = 1;
			outputFiles = (
			);
			script = "";
		};
/* End PBXBuildRule section */

/* Begin PBXContainerItemProxy section */
		B255A56C1500C53E0073DF21 /* PBXContainerItemProxy */ = {
			isa = PBXContainerItemProxy;
			containerPortal = 29B97313FDCFA39411CA2CEA /* Project object */;
			proxyType = 1;
			remoteGlobalIDString = B2D4E99208E0191700574ACD;
			remoteInfo = PunyCocoa;
		};
/* End PBXContainerItemProxy section */

/* Begin PBXCopyFilesBuildPhase section */
		B2B4F3CB242EB79E00CC752F /* CopyFiles */ = {
			isa = PBXCopyFilesBuildPhase;
			buildActionMask = 2147483647;
			dstPath = /usr/share/man/man1/;
			dstSubfolderSpec = 0;
			files = (
			);
			runOnlyForDeploymentPostprocessing = 1;
		};
/* End PBXCopyFilesBuildPhase section */

/* Begin PBXFileReference section */
		1058C7A1FEA54F0111CA2CBB /* Cocoa.framework */ = {isa = PBXFileReference; lastKnownFileType = wrapper.framework; name = Cocoa.framework; path = /System/Library/Frameworks/Cocoa.framework; sourceTree = "<absolute>"; };
		29B97316FDCFA39411CA2CEA /* main.m */ = {isa = PBXFileReference; fileEncoding = 30; lastKnownFileType = sourcecode.c.objc; path = main.m; sourceTree = "<group>"; };
		29B97324FDCFA39411CA2CEA /* AppKit.framework */ = {isa = PBXFileReference; lastKnownFileType = wrapper.framework; name = AppKit.framework; path = /System/Library/Frameworks/AppKit.framework; sourceTree = "<absolute>"; };
		29B97325FDCFA39411CA2CEA /* Foundation.framework */ = {isa = PBXFileReference; lastKnownFileType = wrapper.framework; name = Foundation.framework; path = /System/Library/Frameworks/Foundation.framework; sourceTree = "<absolute>"; };
		B23AAC60221511F300A450E5 /* en */ = {isa = PBXFileReference; lastKnownFileType = text.plist.strings; name = en; path = en.lproj/InfoPlist.strings; sourceTree = "<group>"; };
		B23AAC62221511FE00A450E5 /* Base */ = {isa = PBXFileReference; lastKnownFileType = file.xib; name = Base; path = Base.lproj/MainMenu.xib; sourceTree = "<group>"; };
		B241070222450B860014E4D0 /* PunyCocoa MRR.app */ = {isa = PBXFileReference; explicitFileType = wrapper.application; includeInIndex = 0; path = "PunyCocoa MRR.app"; sourceTree = BUILT_PRODUCTS_DIR; };
		B24585772423206100CC75A4 /* PunycodeSwiftTests.xctest */ = {isa = PBXFileReference; explicitFileType = wrapper.cfbundle; includeInIndex = 0; path = PunycodeSwiftTests.xctest; sourceTree = BUILT_PRODUCTS_DIR; };
		B24585792423206100CC75A4 /* PunycodeSwiftTests.swift */ = {isa = PBXFileReference; lastKnownFileType = sourcecode.swift; path = PunycodeSwiftTests.swift; sourceTree = "<group>"; };
		B245857B2423206100CC75A4 /* Info.plist */ = {isa = PBXFileReference; lastKnownFileType = text.plist.xml; path = Info.plist; sourceTree = "<group>"; };
		B2552E1C22B134650015B473 /* PunyCocoaTouch.app */ = {isa = PBXFileReference; explicitFileType = wrapper.application; includeInIndex = 0; path = PunyCocoaTouch.app; sourceTree = BUILT_PRODUCTS_DIR; };
		B2552E1E22B134650015B473 /* AppDelegate.h */ = {isa = PBXFileReference; lastKnownFileType = sourcecode.c.h; path = AppDelegate.h; sourceTree = "<group>"; };
		B2552E1F22B134650015B473 /* AppDelegate.m */ = {isa = PBXFileReference; lastKnownFileType = sourcecode.c.objc; path = AppDelegate.m; sourceTree = "<group>"; };
		B2552E2122B134650015B473 /* ViewController.h */ = {isa = PBXFileReference; lastKnownFileType = sourcecode.c.h; path = ViewController.h; sourceTree = "<group>"; };
		B2552E2222B134650015B473 /* ViewController.m */ = {isa = PBXFileReference; lastKnownFileType = sourcecode.c.objc; path = ViewController.m; sourceTree = "<group>"; };
		B2552E2522B134650015B473 /* Base */ = {isa = PBXFileReference; lastKnownFileType = file.storyboard; name = Base; path = Base.lproj/Main.storyboard; sourceTree = "<group>"; };
		B2552E2722B134680015B473 /* Assets.xcassets */ = {isa = PBXFileReference; lastKnownFileType = folder.assetcatalog; path = Assets.xcassets; sourceTree = "<group>"; };
		B2552E2A22B134680015B473 /* Base */ = {isa = PBXFileReference; lastKnownFileType = file.storyboard; name = Base; path = Base.lproj/LaunchScreen.storyboard; sourceTree = "<group>"; };
		B2552E2C22B134680015B473 /* Info.plist */ = {isa = PBXFileReference; lastKnownFileType = text.plist.xml; path = Info.plist; sourceTree = "<group>"; };
		B2552E2D22B134680015B473 /* main.m */ = {isa = PBXFileReference; lastKnownFileType = sourcecode.c.objc; path = main.m; sourceTree = "<group>"; };
		B2552E3422B13CBC0015B473 /* Controller.m */ = {isa = PBXFileReference; fileEncoding = 4; lastKnownFileType = sourcecode.c.objc; path = Controller.m; sourceTree = "<group>"; };
		B255A5591500C4800073DF21 /* PunycodeTests.xctest */ = {isa = PBXFileReference; explicitFileType = wrapper.cfbundle; includeInIndex = 0; path = PunycodeTests.xctest; sourceTree = BUILT_PRODUCTS_DIR; };
		B255A5611500C4800073DF21 /* PunycodeTests-Info.plist */ = {isa = PBXFileReference; lastKnownFileType = text.plist.xml; path = "PunycodeTests-Info.plist"; sourceTree = "<group>"; };
		B255A5631500C4800073DF21 /* en */ = {isa = PBXFileReference; lastKnownFileType = text.plist.strings; name = en; path = en.lproj/InfoPlist.strings; sourceTree = "<group>"; };
		B255A5651500C4800073DF21 /* PunycodeTests.h */ = {isa = PBXFileReference; lastKnownFileType = sourcecode.c.h; path = PunycodeTests.h; sourceTree = "<group>"; };
		B255A5661500C4800073DF21 /* PunycodeTests.m */ = {isa = PBXFileReference; lastKnownFileType = sourcecode.c.objc; path = PunycodeTests.m; sourceTree = "<group>"; };
		B25753801F3CE8B2002606DD /* WebNSURLExtras.h */ = {isa = PBXFileReference; fileEncoding = 4; lastKnownFileType = sourcecode.c.h; path = WebNSURLExtras.h; sourceTree = "<group>"; };
		B25753821F3CE9A9002606DD /* WebKit.framework */ = {isa = PBXFileReference; lastKnownFileType = wrapper.framework; name = WebKit.framework; path = System/Library/Frameworks/WebKit.framework; sourceTree = SDKROOT; };
		B26FA03C2055425C00CD6AF1 /* libicucore.tbd */ = {isa = PBXFileReference; lastKnownFileType = "sourcecode.text-based-dylib-definition"; name = libicucore.tbd; path = usr/lib/libicucore.tbd; sourceTree = SDKROOT; };
		B2B4F3CD242EB79E00CC752F /* icumap2code */ = {isa = PBXFileReference; explicitFileType = "compiled.mach-o.executable"; includeInIndex = 0; path = icumap2code; sourceTree = BUILT_PRODUCTS_DIR; };
		B2B4F3CF242EB79E00CC752F /* main.swift */ = {isa = PBXFileReference; lastKnownFileType = sourcecode.swift; path = main.swift; sourceTree = "<group>"; };
		B2B4F3D4242ECD1C00CC752F /* UTS46.swift */ = {isa = PBXFileReference; lastKnownFileType = sourcecode.swift; path = UTS46.swift; sourceTree = "<group>"; };
		B2C3DCC1241FE95B00484850 /* String+Punycode.swift */ = {isa = PBXFileReference; lastKnownFileType = sourcecode.swift; path = "String+Punycode.swift"; sourceTree = "<group>"; };
		B2C3DD3A241FEC7F00484850 /* PunyCocoa copy-Info.plist */ = {isa = PBXFileReference; lastKnownFileType = text.plist.xml; name = "PunyCocoa copy-Info.plist"; path = "/Users/wevah/Projects/Punycode-Cocoa/PunyCocoa copy-Info.plist"; sourceTree = "<absolute>"; };
		B2C3DD42241FECF200484850 /* PunyCocoa Swift.app */ = {isa = PBXFileReference; explicitFileType = wrapper.application; includeInIndex = 0; path = "PunyCocoa Swift.app"; sourceTree = BUILT_PRODUCTS_DIR; };
		B2C3DD44241FECF200484850 /* AppDelegate.swift */ = {isa = PBXFileReference; lastKnownFileType = sourcecode.swift; path = AppDelegate.swift; sourceTree = "<group>"; };
		B2C3DD46241FECF400484850 /* Assets.xcassets */ = {isa = PBXFileReference; lastKnownFileType = folder.assetcatalog; path = Assets.xcassets; sourceTree = "<group>"; };
		B2C3DD4B241FECF400484850 /* Info.plist */ = {isa = PBXFileReference; lastKnownFileType = text.plist.xml; path = Info.plist; sourceTree = "<group>"; };
		B2C3DD4C241FECF400484850 /* PunyCocoa_Swift.entitlements */ = {isa = PBXFileReference; lastKnownFileType = text.plist.entitlements; path = PunyCocoa_Swift.entitlements; sourceTree = "<group>"; };
		B2C3DD52241FEDC800484850 /* MainMenu.xib */ = {isa = PBXFileReference; fileEncoding = 4; lastKnownFileType = file.xib; path = MainMenu.xib; sourceTree = "<group>"; };
		B2C3DD54241FEDF900484850 /* Controller.swift */ = {isa = PBXFileReference; lastKnownFileType = sourcecode.swift; path = Controller.swift; sourceTree = "<group>"; };
		B2C59E7224278AF400183346 /* uidna-min.h */ = {isa = PBXFileReference; lastKnownFileType = sourcecode.c.h; path = "uidna-min.h"; sourceTree = "<group>"; };
		B2CB4DCF07B158A600B4C504 /* Controller.h */ = {isa = PBXFileReference; fileEncoding = 4; lastKnownFileType = sourcecode.c.h; path = Controller.h; sourceTree = "<group>"; };
		B2D4B71B2425903000B72AC6 /* libicucore.tbd */ = {isa = PBXFileReference; lastKnownFileType = "sourcecode.text-based-dylib-definition"; name = libicucore.tbd; path = Platforms/iPhoneOS.platform/Developer/SDKs/iPhoneOS13.2.sdk/usr/lib/libicucore.tbd; sourceTree = DEVELOPER_DIR; };
		B2D4E9A008E0191700574ACD /* Info.plist */ = {isa = PBXFileReference; lastKnownFileType = text.plist.xml; name = Info.plist; path = Mac/Info.plist; sourceTree = "<group>"; };
		B2D4E9A208E0191800574ACD /* PunyCocoa.app */ = {isa = PBXFileReference; explicitFileType = wrapper.application; includeInIndex = 0; path = PunyCocoa.app; sourceTree = BUILT_PRODUCTS_DIR; };
		B301345C1A964E1E00AF6C4E /* NSString+Punycode.h */ = {isa = PBXFileReference; fileEncoding = 4; lastKnownFileType = sourcecode.c.h; path = "NSString+Punycode.h"; sourceTree = "<group>"; };
		B301345D1A964E1E00AF6C4E /* NSString+Punycode.m */ = {isa = PBXFileReference; fileEncoding = 4; lastKnownFileType = sourcecode.c.objc; path = "NSString+Punycode.m"; sourceTree = "<group>"; };
		B30134611A964E2600AF6C4E /* LICENSE */ = {isa = PBXFileReference; fileEncoding = 4; lastKnownFileType = text; path = LICENSE; sourceTree = "<group>"; };
		B30134621A964E2600AF6C4E /* README.md */ = {isa = PBXFileReference; fileEncoding = 4; lastKnownFileType = net.daringfireball.markdown; path = README.md; sourceTree = "<group>"; };
/* End PBXFileReference section */

/* Begin PBXFrameworksBuildPhase section */
		B24106FA22450B860014E4D0 /* Frameworks */ = {
			isa = PBXFrameworksBuildPhase;
			buildActionMask = 2147483647;
			files = (
				B24106FB22450B860014E4D0 /* libicucore.tbd in Frameworks */,
				B24106FC22450B860014E4D0 /* WebKit.framework in Frameworks */,
				B24106FD22450B860014E4D0 /* Cocoa.framework in Frameworks */,
			);
			runOnlyForDeploymentPostprocessing = 0;
		};
		B24585742423206100CC75A4 /* Frameworks */ = {
			isa = PBXFrameworksBuildPhase;
			buildActionMask = 2147483647;
			files = (
			);
			runOnlyForDeploymentPostprocessing = 0;
		};
		B2552E1922B134650015B473 /* Frameworks */ = {
			isa = PBXFrameworksBuildPhase;
			buildActionMask = 2147483647;
			files = (
				B2D4B71C2425903000B72AC6 /* libicucore.tbd in Frameworks */,
			);
			runOnlyForDeploymentPostprocessing = 0;
		};
		B255A5551500C4800073DF21 /* Frameworks */ = {
			isa = PBXFrameworksBuildPhase;
			buildActionMask = 2147483647;
			files = (
				B2D4B71A2425902800B72AC6 /* libicucore.tbd in Frameworks */,
			);
			runOnlyForDeploymentPostprocessing = 0;
		};
		B2B4F3CA242EB79E00CC752F /* Frameworks */ = {
			isa = PBXFrameworksBuildPhase;
			buildActionMask = 2147483647;
			files = (
			);
			runOnlyForDeploymentPostprocessing = 0;
		};
		B2C3DD3F241FECF200484850 /* Frameworks */ = {
			isa = PBXFrameworksBuildPhase;
			buildActionMask = 2147483647;
			files = (
			);
			runOnlyForDeploymentPostprocessing = 0;
		};
		B2D4E99E08E0191700574ACD /* Frameworks */ = {
			isa = PBXFrameworksBuildPhase;
			buildActionMask = 2147483647;
			files = (
				B26FA03D2055425C00CD6AF1 /* libicucore.tbd in Frameworks */,
				B25753831F3CE9A9002606DD /* WebKit.framework in Frameworks */,
				B2D4E99F08E0191700574ACD /* Cocoa.framework in Frameworks */,
			);
			runOnlyForDeploymentPostprocessing = 0;
		};
/* End PBXFrameworksBuildPhase section */

/* Begin PBXGroup section */
		1058C7A0FEA54F0111CA2CBB /* Linked Frameworks */ = {
			isa = PBXGroup;
			children = (
				B26FA03C2055425C00CD6AF1 /* libicucore.tbd */,
				B25753821F3CE9A9002606DD /* WebKit.framework */,
				1058C7A1FEA54F0111CA2CBB /* Cocoa.framework */,
			);
			name = "Linked Frameworks";
			sourceTree = "<group>";
		};
		1058C7A2FEA54F0111CA2CBB /* Other Frameworks */ = {
			isa = PBXGroup;
			children = (
				29B97325FDCFA39411CA2CEA /* Foundation.framework */,
				29B97324FDCFA39411CA2CEA /* AppKit.framework */,
			);
			name = "Other Frameworks";
			sourceTree = "<group>";
		};
		19C28FACFE9D520D11CA2CBB /* Products */ = {
			isa = PBXGroup;
			children = (
				B2D4E9A208E0191800574ACD /* PunyCocoa.app */,
				B241070222450B860014E4D0 /* PunyCocoa MRR.app */,
				B255A5591500C4800073DF21 /* PunycodeTests.xctest */,
				B2552E1C22B134650015B473 /* PunyCocoaTouch.app */,
				B2C3DD42241FECF200484850 /* PunyCocoa Swift.app */,
				B24585772423206100CC75A4 /* PunycodeSwiftTests.xctest */,
				B2B4F3CD242EB79E00CC752F /* icumap2code */,
			);
			name = Products;
			sourceTree = "<group>";
		};
		29B97314FDCFA39411CA2CEA /* Punycode */ = {
			isa = PBXGroup;
			children = (
				B30134611A964E2600AF6C4E /* LICENSE */,
				B30134621A964E2600AF6C4E /* README.md */,
				B29EC659228102AE00478825 /* Shared */,
				B29EC65B228102E300478825 /* Mac */,
				B2C3DD43241FECF200484850 /* Mac (Swift) */,
				B2552E1D22B134650015B473 /* iOS */,
				B2B4F3CE242EB79E00CC752F /* icumap2code */,
				B255A55F1500C4800073DF21 /* PunycodeTests */,
				B24585782423206100CC75A4 /* PunycodeSwiftTests */,
				29B97323FDCFA39411CA2CEA /* Frameworks */,
				19C28FACFE9D520D11CA2CBB /* Products */,
				B2C3DD3A241FEC7F00484850 /* PunyCocoa copy-Info.plist */,
			);
			name = Punycode;
			sourceTree = "<group>";
		};
		29B97317FDCFA39411CA2CEA /* Resources */ = {
			isa = PBXGroup;
			children = (
				B2D4E9A008E0191700574ACD /* Info.plist */,
				29B97318FDCFA39411CA2CEA /* MainMenu.xib */,
				089C165CFE840E0CC02AAC07 /* InfoPlist.strings */,
			);
			name = Resources;
			path = ..;
			sourceTree = "<group>";
		};
		29B97323FDCFA39411CA2CEA /* Frameworks */ = {
			isa = PBXGroup;
			children = (
				B2D4B71B2425903000B72AC6 /* libicucore.tbd */,
				1058C7A0FEA54F0111CA2CBB /* Linked Frameworks */,
				1058C7A2FEA54F0111CA2CBB /* Other Frameworks */,
			);
			name = Frameworks;
			sourceTree = "<group>";
		};
		B24585782423206100CC75A4 /* PunycodeSwiftTests */ = {
			isa = PBXGroup;
			children = (
				B24585792423206100CC75A4 /* PunycodeSwiftTests.swift */,
				B245857B2423206100CC75A4 /* Info.plist */,
			);
			path = PunycodeSwiftTests;
			sourceTree = "<group>";
		};
		B2552E1D22B134650015B473 /* iOS */ = {
			isa = PBXGroup;
			children = (
				B2552E1E22B134650015B473 /* AppDelegate.h */,
				B2552E1F22B134650015B473 /* AppDelegate.m */,
				B2552E2122B134650015B473 /* ViewController.h */,
				B2552E2222B134650015B473 /* ViewController.m */,
				B2552E2422B134650015B473 /* Main.storyboard */,
				B2552E2722B134680015B473 /* Assets.xcassets */,
				B2552E2922B134680015B473 /* LaunchScreen.storyboard */,
				B2552E2C22B134680015B473 /* Info.plist */,
				B2552E2D22B134680015B473 /* main.m */,
			);
			path = iOS;
			sourceTree = "<group>";
		};
		B255A55F1500C4800073DF21 /* PunycodeTests */ = {
			isa = PBXGroup;
			children = (
				B255A5651500C4800073DF21 /* PunycodeTests.h */,
				B255A5661500C4800073DF21 /* PunycodeTests.m */,
				B255A5601500C4800073DF21 /* Supporting Files */,
			);
			path = PunycodeTests;
			sourceTree = "<group>";
		};
		B255A5601500C4800073DF21 /* Supporting Files */ = {
			isa = PBXGroup;
			children = (
				B255A5611500C4800073DF21 /* PunycodeTests-Info.plist */,
				B255A5621500C4800073DF21 /* InfoPlist.strings */,
			);
			name = "Supporting Files";
			sourceTree = "<group>";
		};
		B29EC659228102AE00478825 /* Shared */ = {
			isa = PBXGroup;
			children = (
				B25753801F3CE8B2002606DD /* WebNSURLExtras.h */,
				B2C59E7224278AF400183346 /* uidna-min.h */,
				B2C3DCC0241FE94400484850 /* Swift */,
				B2C3DCBF241FE92F00484850 /* Objective-C */,
			);
			path = Shared;
			sourceTree = "<group>";
		};
		B29EC65B228102E300478825 /* Mac */ = {
			isa = PBXGroup;
			children = (
				29B97316FDCFA39411CA2CEA /* main.m */,
				B2CB4DCF07B158A600B4C504 /* Controller.h */,
				B2552E3422B13CBC0015B473 /* Controller.m */,
				29B97317FDCFA39411CA2CEA /* Resources */,
			);
			path = Mac;
			sourceTree = "<group>";
		};
		B2B4F3CE242EB79E00CC752F /* icumap2code */ = {
			isa = PBXGroup;
			children = (
				B2B4F3CF242EB79E00CC752F /* main.swift */,
			);
			path = icumap2code;
			sourceTree = "<group>";
		};
		B2C3DCBF241FE92F00484850 /* Objective-C */ = {
			isa = PBXGroup;
			children = (
				B301345C1A964E1E00AF6C4E /* NSString+Punycode.h */,
				B301345D1A964E1E00AF6C4E /* NSString+Punycode.m */,
			);
			path = "Objective-C";
			sourceTree = "<group>";
		};
		B2C3DCC0241FE94400484850 /* Swift */ = {
			isa = PBXGroup;
			children = (
				B2C3DCC1241FE95B00484850 /* String+Punycode.swift */,
				B2B4F3D4242ECD1C00CC752F /* UTS46.swift */,
			);
			path = Swift;
			sourceTree = "<group>";
		};
		B2C3DD43241FECF200484850 /* Mac (Swift) */ = {
			isa = PBXGroup;
			children = (
				B2C3DD44241FECF200484850 /* AppDelegate.swift */,
				B2C3DD46241FECF400484850 /* Assets.xcassets */,
				B2C3DD52241FEDC800484850 /* MainMenu.xib */,
				B2C3DD4B241FECF400484850 /* Info.plist */,
				B2C3DD4C241FECF400484850 /* PunyCocoa_Swift.entitlements */,
				B2C3DD54241FEDF900484850 /* Controller.swift */,
			);
			path = "Mac (Swift)";
			sourceTree = "<group>";
		};
/* End PBXGroup section */

/* Begin PBXNativeTarget section */
		B241068C22450B860014E4D0 /* PunyCocoa MRR */ = {
			isa = PBXNativeTarget;
			buildConfigurationList = B24106FF22450B860014E4D0 /* Build configuration list for PBXNativeTarget "PunyCocoa MRR" */;
			buildPhases = (
				B24106F222450B860014E4D0 /* Resources */,
				B24106F622450B860014E4D0 /* Sources */,
				B24106FA22450B860014E4D0 /* Frameworks */,
			);
			buildRules = (
				B24106FE22450B860014E4D0 /* PBXBuildRule */,
			);
			dependencies = (
			);
			name = "PunyCocoa MRR";
			productInstallPath = "$(HOME)/Applications";
			productName = Punycode;
			productReference = B241070222450B860014E4D0 /* PunyCocoa MRR.app */;
			productType = "com.apple.product-type.application";
		};
		B24585762423206100CC75A4 /* PunycodeSwiftTests */ = {
			isa = PBXNativeTarget;
			buildConfigurationList = B245857C2423206100CC75A4 /* Build configuration list for PBXNativeTarget "PunycodeSwiftTests" */;
			buildPhases = (
				B24585732423206100CC75A4 /* Sources */,
				B24585742423206100CC75A4 /* Frameworks */,
				B24585752423206100CC75A4 /* Resources */,
			);
			buildRules = (
			);
			dependencies = (
			);
			name = PunycodeSwiftTests;
			productName = PunycodeSwiftTests;
			productReference = B24585772423206100CC75A4 /* PunycodeSwiftTests.xctest */;
			productType = "com.apple.product-type.bundle.unit-test";
		};
		B2552E1B22B134650015B473 /* PunyCocoaTouch */ = {
			isa = PBXNativeTarget;
			buildConfigurationList = B2552E3122B134680015B473 /* Build configuration list for PBXNativeTarget "PunyCocoaTouch" */;
			buildPhases = (
				B2552E1822B134650015B473 /* Sources */,
				B2552E1922B134650015B473 /* Frameworks */,
				B2552E1A22B134650015B473 /* Resources */,
			);
			buildRules = (
			);
			dependencies = (
			);
			name = PunyCocoaTouch;
			productName = PunyCocoaTouch;
			productReference = B2552E1C22B134650015B473 /* PunyCocoaTouch.app */;
			productType = "com.apple.product-type.application";
		};
		B255A5581500C4800073DF21 /* PunycodeTests */ = {
			isa = PBXNativeTarget;
			buildConfigurationList = B255A5691500C4800073DF21 /* Build configuration list for PBXNativeTarget "PunycodeTests" */;
			buildPhases = (
				B255A5541500C4800073DF21 /* Sources */,
				B255A5551500C4800073DF21 /* Frameworks */,
				B255A5561500C4800073DF21 /* Resources */,
			);
			buildRules = (
			);
			dependencies = (
				B255A56D1500C53E0073DF21 /* PBXTargetDependency */,
			);
			name = PunycodeTests;
			productName = PunycodeTests;
			productReference = B255A5591500C4800073DF21 /* PunycodeTests.xctest */;
			productType = "com.apple.product-type.bundle.unit-test";
		};
		B2B4F3CC242EB79E00CC752F /* icumap2code */ = {
			isa = PBXNativeTarget;
			buildConfigurationList = B2B4F3D3242EB79E00CC752F /* Build configuration list for PBXNativeTarget "icumap2code" */;
			buildPhases = (
				B2B4F3C9242EB79E00CC752F /* Sources */,
				B2B4F3CA242EB79E00CC752F /* Frameworks */,
				B2B4F3CB242EB79E00CC752F /* CopyFiles */,
			);
			buildRules = (
			);
			dependencies = (
			);
			name = icumap2code;
			productName = icumap2code;
			productReference = B2B4F3CD242EB79E00CC752F /* icumap2code */;
			productType = "com.apple.product-type.tool";
		};
		B2C3DD41241FECF200484850 /* PunyCocoa Swift */ = {
			isa = PBXNativeTarget;
			buildConfigurationList = B2C3DD4D241FECF400484850 /* Build configuration list for PBXNativeTarget "PunyCocoa Swift" */;
			buildPhases = (
				B2C3DD3E241FECF200484850 /* Sources */,
				B2C3DD3F241FECF200484850 /* Frameworks */,
				B2C3DD40241FECF200484850 /* Resources */,
			);
			buildRules = (
			);
			dependencies = (
			);
			name = "PunyCocoa Swift";
			productName = "PunyCocoa Swift";
			productReference = B2C3DD42241FECF200484850 /* PunyCocoa Swift.app */;
			productType = "com.apple.product-type.application";
		};
		B2D4E99208E0191700574ACD /* PunyCocoa */ = {
			isa = PBXNativeTarget;
			buildConfigurationList = B2B33EA80A9B4534002D5B27 /* Build configuration list for PBXNativeTarget "PunyCocoa" */;
			buildPhases = (
				B2D4E99708E0191700574ACD /* Resources */,
				B2D4E99A08E0191700574ACD /* Sources */,
				B2D4E99E08E0191700574ACD /* Frameworks */,
			);
			buildRules = (
				B2D4E9A108E0191800574ACD /* PBXBuildRule */,
			);
			dependencies = (
			);
			name = PunyCocoa;
			productInstallPath = "$(HOME)/Applications";
			productName = Punycode;
			productReference = B2D4E9A208E0191800574ACD /* PunyCocoa.app */;
			productType = "com.apple.product-type.application";
		};
/* End PBXNativeTarget section */

/* Begin PBXProject section */
		29B97313FDCFA39411CA2CEA /* Project object */ = {
			isa = PBXProject;
			attributes = {
				LastSwiftUpdateCheck = 1140;
				LastTestingUpgradeCheck = 0610;
				LastUpgradeCheck = 1140;
				TargetAttributes = {
					B24585762423206100CC75A4 = {
						CreatedOnToolsVersion = 11.3.1;
						ProvisioningStyle = Automatic;
					};
					B2552E1B22B134650015B473 = {
						CreatedOnToolsVersion = 10.2.1;
						DevelopmentTeam = M72QZ9W58G;
						ProvisioningStyle = Automatic;
					};
					B255A5581500C4800073DF21 = {
						ProvisioningStyle = Automatic;
					};
					B2B4F3CC242EB79E00CC752F = {
						CreatedOnToolsVersion = 11.4;
						DevelopmentTeam = M72QZ9W58G;
						ProvisioningStyle = Automatic;
					};
					B2C3DD41241FECF200484850 = {
						CreatedOnToolsVersion = 11.3.1;
						ProvisioningStyle = Automatic;
					};
					B2D4E99208E0191700574ACD = {
						DevelopmentTeam = M72QZ9W58G;
						ProvisioningStyle = Automatic;
					};
				};
			};
			buildConfigurationList = B2B33EAC0A9B4534002D5B27 /* Build configuration list for PBXProject "Punycode" */;
			compatibilityVersion = "Xcode 3.2";
			developmentRegion = en;
			hasScannedForEncodings = 1;
			knownRegions = (
				en,
				Base,
			);
			mainGroup = 29B97314FDCFA39411CA2CEA /* Punycode */;
			projectDirPath = "";
			projectRoot = "";
			targets = (
				B2D4E99208E0191700574ACD /* PunyCocoa */,
				B2C3DD41241FECF200484850 /* PunyCocoa Swift */,
				B241068C22450B860014E4D0 /* PunyCocoa MRR */,
				B2552E1B22B134650015B473 /* PunyCocoaTouch */,
				B255A5581500C4800073DF21 /* PunycodeTests */,
				B24585762423206100CC75A4 /* PunycodeSwiftTests */,
				B2B4F3CC242EB79E00CC752F /* icumap2code */,
			);
		};
/* End PBXProject section */

/* Begin PBXResourcesBuildPhase section */
		B24106F222450B860014E4D0 /* Resources */ = {
			isa = PBXResourcesBuildPhase;
			buildActionMask = 2147483647;
			files = (
				B24106F322450B860014E4D0 /* MainMenu.xib in Resources */,
				B24106F422450B860014E4D0 /* InfoPlist.strings in Resources */,
				B24106F522450B860014E4D0 /* LICENSE in Resources */,
			);
			runOnlyForDeploymentPostprocessing = 0;
		};
		B24585752423206100CC75A4 /* Resources */ = {
			isa = PBXResourcesBuildPhase;
			buildActionMask = 2147483647;
			files = (
			);
			runOnlyForDeploymentPostprocessing = 0;
		};
		B2552E1A22B134650015B473 /* Resources */ = {
			isa = PBXResourcesBuildPhase;
			buildActionMask = 2147483647;
			files = (
				B2552E2B22B134680015B473 /* LaunchScreen.storyboard in Resources */,
				B2552E2822B134680015B473 /* Assets.xcassets in Resources */,
				B2552E2622B134650015B473 /* Main.storyboard in Resources */,
			);
			runOnlyForDeploymentPostprocessing = 0;
		};
		B255A5561500C4800073DF21 /* Resources */ = {
			isa = PBXResourcesBuildPhase;
			buildActionMask = 2147483647;
			files = (
				B30134641A964E2600AF6C4E /* LICENSE in Resources */,
				B255A5641500C4800073DF21 /* InfoPlist.strings in Resources */,
			);
			runOnlyForDeploymentPostprocessing = 0;
		};
		B2C3DD40241FECF200484850 /* Resources */ = {
			isa = PBXResourcesBuildPhase;
			buildActionMask = 2147483647;
			files = (
				B2C3DD47241FECF400484850 /* Assets.xcassets in Resources */,
				B2C3DD56241FEE5A00484850 /* MainMenu.xib in Resources */,
			);
			runOnlyForDeploymentPostprocessing = 0;
		};
		B2D4E99708E0191700574ACD /* Resources */ = {
			isa = PBXResourcesBuildPhase;
			buildActionMask = 2147483647;
			files = (
				B2D4E99808E0191700574ACD /* MainMenu.xib in Resources */,
				B2D4E99908E0191700574ACD /* InfoPlist.strings in Resources */,
				B30134631A964E2600AF6C4E /* LICENSE in Resources */,
			);
			runOnlyForDeploymentPostprocessing = 0;
		};
/* End PBXResourcesBuildPhase section */

/* Begin PBXSourcesBuildPhase section */
		B24106F622450B860014E4D0 /* Sources */ = {
			isa = PBXSourcesBuildPhase;
			buildActionMask = 2147483647;
			files = (
				B24106F722450B860014E4D0 /* NSString+Punycode.m in Sources */,
				B24106F822450B860014E4D0 /* main.m in Sources */,
				B2552E3622B13CBC0015B473 /* Controller.m in Sources */,
			);
			runOnlyForDeploymentPostprocessing = 0;
		};
		B24585732423206100CC75A4 /* Sources */ = {
			isa = PBXSourcesBuildPhase;
			buildActionMask = 2147483647;
			files = (
				B245857A2423206100CC75A4 /* PunycodeSwiftTests.swift in Sources */,
				B245857F2423214300CC75A4 /* String+Punycode.swift in Sources */,
			);
			runOnlyForDeploymentPostprocessing = 0;
		};
		B2552E1822B134650015B473 /* Sources */ = {
			isa = PBXSourcesBuildPhase;
			buildActionMask = 2147483647;
			files = (
				B2552E3222B134C40015B473 /* NSString+Punycode.m in Sources */,
				B2552E2322B134650015B473 /* ViewController.m in Sources */,
				B2552E2E22B134680015B473 /* main.m in Sources */,
				B2552E2022B134650015B473 /* AppDelegate.m in Sources */,
			);
			runOnlyForDeploymentPostprocessing = 0;
		};
		B255A5541500C4800073DF21 /* Sources */ = {
			isa = PBXSourcesBuildPhase;
			buildActionMask = 2147483647;
			files = (
				B30134601A964E1E00AF6C4E /* NSString+Punycode.m in Sources */,
				B255A5671500C4800073DF21 /* PunycodeTests.m in Sources */,
			);
			runOnlyForDeploymentPostprocessing = 0;
		};
		B2B4F3C9242EB79E00CC752F /* Sources */ = {
			isa = PBXSourcesBuildPhase;
			buildActionMask = 2147483647;
			files = (
				B2B4F3D0242EB79E00CC752F /* main.swift in Sources */,
			);
			runOnlyForDeploymentPostprocessing = 0;
		};
		B2C3DD3E241FECF200484850 /* Sources */ = {
			isa = PBXSourcesBuildPhase;
			buildActionMask = 2147483647;
			files = (
				B2CF9C68243070F900A23B4E /* UTS46.swift in Sources */,
				B2C3DD55241FEDF900484850 /* Controller.swift in Sources */,
				B2C3DD45241FECF200484850 /* AppDelegate.swift in Sources */,
				B2C3DD50241FED0900484850 /* String+Punycode.swift in Sources */,
			);
			runOnlyForDeploymentPostprocessing = 0;
		};
		B2D4E99A08E0191700574ACD /* Sources */ = {
			isa = PBXSourcesBuildPhase;
			buildActionMask = 2147483647;
			files = (
				B301345F1A964E1E00AF6C4E /* NSString+Punycode.m in Sources */,
				B2D4E99B08E0191700574ACD /* main.m in Sources */,
				B2552E3522B13CBC0015B473 /* Controller.m in Sources */,
			);
			runOnlyForDeploymentPostprocessing = 0;
		};
/* End PBXSourcesBuildPhase section */

/* Begin PBXTargetDependency section */
		B255A56D1500C53E0073DF21 /* PBXTargetDependency */ = {
			isa = PBXTargetDependency;
			target = B2D4E99208E0191700574ACD /* PunyCocoa */;
			targetProxy = B255A56C1500C53E0073DF21 /* PBXContainerItemProxy */;
		};
/* End PBXTargetDependency section */

/* Begin PBXVariantGroup section */
		089C165CFE840E0CC02AAC07 /* InfoPlist.strings */ = {
			isa = PBXVariantGroup;
			children = (
				B23AAC60221511F300A450E5 /* en */,
			);
			name = InfoPlist.strings;
			path = Mac;
			sourceTree = "<group>";
		};
		29B97318FDCFA39411CA2CEA /* MainMenu.xib */ = {
			isa = PBXVariantGroup;
			children = (
				B23AAC62221511FE00A450E5 /* Base */,
			);
			name = MainMenu.xib;
			path = Mac;
			sourceTree = "<group>";
		};
		B2552E2422B134650015B473 /* Main.storyboard */ = {
			isa = PBXVariantGroup;
			children = (
				B2552E2522B134650015B473 /* Base */,
			);
			name = Main.storyboard;
			sourceTree = "<group>";
		};
		B2552E2922B134680015B473 /* LaunchScreen.storyboard */ = {
			isa = PBXVariantGroup;
			children = (
				B2552E2A22B134680015B473 /* Base */,
			);
			name = LaunchScreen.storyboard;
			sourceTree = "<group>";
		};
		B255A5621500C4800073DF21 /* InfoPlist.strings */ = {
			isa = PBXVariantGroup;
			children = (
				B255A5631500C4800073DF21 /* en */,
			);
			name = InfoPlist.strings;
			sourceTree = "<group>";
		};
/* End PBXVariantGroup section */

/* Begin XCBuildConfiguration section */
		B241070022450B860014E4D0 /* Debug */ = {
			isa = XCBuildConfiguration;
			buildSettings = {
				CLANG_ENABLE_OBJC_ARC = YES;
				CODE_SIGN_IDENTITY = "-";
				COMBINE_HIDPI_IMAGES = YES;
				COPY_PHASE_STRIP = NO;
				GCC_DYNAMIC_NO_PIC = NO;
				GCC_GENERATE_DEBUGGING_SYMBOLS = YES;
				GCC_OPTIMIZATION_LEVEL = 0;
				GCC_PRECOMPILE_PREFIX_HEADER = YES;
				GCC_TREAT_WARNINGS_AS_ERRORS = YES;
				INFOPLIST_FILE = Mac/Info.plist;
				INSTALL_PATH = "$(HOME)/Applications";
				LIBRARY_SEARCH_PATHS = (
					"$(inherited)",
					"$(PROJECT_DIR)",
				);
				MACOSX_DEPLOYMENT_TARGET = 10.9;
				PRODUCT_BUNDLE_IDENTIFIER = org.derailer.PunyCocoa;
				PRODUCT_NAME = "$(TARGET_NAME)";
				SDKROOT = macosx;
				WARNING_CFLAGS = (
					"-Wmost",
					"-Wno-four-char-constants",
					"-Wno-unknown-pragmas",
				);
				WRAPPER_EXTENSION = app;
			};
			name = Debug;
		};
		B241070122450B860014E4D0 /* Release */ = {
			isa = XCBuildConfiguration;
			buildSettings = {
				CLANG_ENABLE_OBJC_ARC = YES;
				CODE_SIGN_IDENTITY = "-";
				COMBINE_HIDPI_IMAGES = YES;
				COPY_PHASE_STRIP = YES;
				GCC_PRECOMPILE_PREFIX_HEADER = YES;
				GCC_TREAT_WARNINGS_AS_ERRORS = YES;
				INFOPLIST_FILE = Mac/Info.plist;
				INSTALL_PATH = "$(HOME)/Applications";
				LIBRARY_SEARCH_PATHS = (
					"$(inherited)",
					"$(PROJECT_DIR)",
				);
				MACOSX_DEPLOYMENT_TARGET = 10.9;
				PRODUCT_BUNDLE_IDENTIFIER = org.derailer.PunyCocoa;
				PRODUCT_NAME = "$(TARGET_NAME)";
				SDKROOT = macosx;
				WARNING_CFLAGS = (
					"-Wmost",
					"-Wno-four-char-constants",
					"-Wno-unknown-pragmas",
				);
				WRAPPER_EXTENSION = app;
			};
			name = Release;
		};
		B245857D2423206100CC75A4 /* Debug */ = {
			isa = XCBuildConfiguration;
			buildSettings = {
				CLANG_ANALYZER_NONNULL = YES;
				CLANG_ANALYZER_NUMBER_OBJECT_CONVERSION = YES_AGGRESSIVE;
				CLANG_CXX_LANGUAGE_STANDARD = "gnu++14";
				CLANG_CXX_LIBRARY = "libc++";
				CLANG_ENABLE_MODULES = YES;
				CLANG_ENABLE_OBJC_ARC = YES;
				CLANG_ENABLE_OBJC_WEAK = YES;
				CLANG_WARN_DIRECT_OBJC_ISA_USAGE = YES_ERROR;
				CLANG_WARN_DOCUMENTATION_COMMENTS = YES;
				CLANG_WARN_OBJC_ROOT_CLASS = YES_ERROR;
				CLANG_WARN_UNGUARDED_AVAILABILITY = YES_AGGRESSIVE;
				CODE_SIGN_IDENTITY = "-";
				CODE_SIGN_STYLE = Automatic;
				COMBINE_HIDPI_IMAGES = YES;
				COPY_PHASE_STRIP = NO;
				DEBUG_INFORMATION_FORMAT = dwarf;
				DEVELOPMENT_TEAM = "";
				GCC_C_LANGUAGE_STANDARD = gnu11;
				GCC_DYNAMIC_NO_PIC = NO;
				GCC_OPTIMIZATION_LEVEL = 0;
				GCC_PREPROCESSOR_DEFINITIONS = (
					"DEBUG=1",
					"$(inherited)",
				);
				GCC_WARN_ABOUT_RETURN_TYPE = YES_ERROR;
				GCC_WARN_UNINITIALIZED_AUTOS = YES_AGGRESSIVE;
				INFOPLIST_FILE = PunycodeSwiftTests/Info.plist;
				LD_RUNPATH_SEARCH_PATHS = "$(inherited) @executable_path/../Frameworks @loader_path/../Frameworks";
				MACOSX_DEPLOYMENT_TARGET = 10.15;
				MTL_ENABLE_DEBUG_INFO = INCLUDE_SOURCE;
				MTL_FAST_MATH = YES;
				PRODUCT_BUNDLE_IDENTIFIER = org.derailer.PunycodeSwiftTests;
				PRODUCT_NAME = "$(TARGET_NAME)";
				SDKROOT = macosx;
				SWIFT_ACTIVE_COMPILATION_CONDITIONS = DEBUG;
				SWIFT_OPTIMIZATION_LEVEL = "-Onone";
				SWIFT_VERSION = 5.0;
			};
			name = Debug;
		};
		B245857E2423206100CC75A4 /* Release */ = {
			isa = XCBuildConfiguration;
			buildSettings = {
				CLANG_ANALYZER_NONNULL = YES;
				CLANG_ANALYZER_NUMBER_OBJECT_CONVERSION = YES_AGGRESSIVE;
				CLANG_CXX_LANGUAGE_STANDARD = "gnu++14";
				CLANG_CXX_LIBRARY = "libc++";
				CLANG_ENABLE_MODULES = YES;
				CLANG_ENABLE_OBJC_ARC = YES;
				CLANG_ENABLE_OBJC_WEAK = YES;
				CLANG_WARN_DIRECT_OBJC_ISA_USAGE = YES_ERROR;
				CLANG_WARN_DOCUMENTATION_COMMENTS = YES;
				CLANG_WARN_OBJC_ROOT_CLASS = YES_ERROR;
				CLANG_WARN_UNGUARDED_AVAILABILITY = YES_AGGRESSIVE;
				CODE_SIGN_IDENTITY = "-";
				CODE_SIGN_STYLE = Automatic;
				COMBINE_HIDPI_IMAGES = YES;
				COPY_PHASE_STRIP = NO;
				DEBUG_INFORMATION_FORMAT = "dwarf-with-dsym";
				DEVELOPMENT_TEAM = "";
				ENABLE_NS_ASSERTIONS = NO;
				GCC_C_LANGUAGE_STANDARD = gnu11;
				GCC_WARN_ABOUT_RETURN_TYPE = YES_ERROR;
				GCC_WARN_UNINITIALIZED_AUTOS = YES_AGGRESSIVE;
				INFOPLIST_FILE = PunycodeSwiftTests/Info.plist;
				LD_RUNPATH_SEARCH_PATHS = "$(inherited) @executable_path/../Frameworks @loader_path/../Frameworks";
				MACOSX_DEPLOYMENT_TARGET = 10.15;
				MTL_ENABLE_DEBUG_INFO = NO;
				MTL_FAST_MATH = YES;
				PRODUCT_BUNDLE_IDENTIFIER = org.derailer.PunycodeSwiftTests;
				PRODUCT_NAME = "$(TARGET_NAME)";
				SDKROOT = macosx;
				SWIFT_OPTIMIZATION_LEVEL = "-Owholemodule";
				SWIFT_VERSION = 5.0;
			};
			name = Release;
		};
		B2552E2F22B134680015B473 /* Debug */ = {
			isa = XCBuildConfiguration;
			buildSettings = {
				ASSETCATALOG_COMPILER_APPICON_NAME = AppIcon;
				CLANG_ANALYZER_NONNULL = YES;
				CLANG_ANALYZER_NUMBER_OBJECT_CONVERSION = YES_AGGRESSIVE;
				CLANG_CXX_LANGUAGE_STANDARD = "gnu++14";
				CLANG_CXX_LIBRARY = "libc++";
				CLANG_ENABLE_MODULES = YES;
				CLANG_ENABLE_OBJC_ARC = YES;
				CLANG_ENABLE_OBJC_WEAK = YES;
				CLANG_WARN_DIRECT_OBJC_ISA_USAGE = YES_ERROR;
				CLANG_WARN_DOCUMENTATION_COMMENTS = YES;
				CLANG_WARN_OBJC_ROOT_CLASS = YES_ERROR;
				CLANG_WARN_UNGUARDED_AVAILABILITY = YES_AGGRESSIVE;
				CODE_SIGN_IDENTITY = "iPhone Developer";
				CODE_SIGN_STYLE = Automatic;
				COPY_PHASE_STRIP = NO;
				DEBUG_INFORMATION_FORMAT = dwarf;
				DEVELOPMENT_TEAM = M72QZ9W58G;
				GCC_C_LANGUAGE_STANDARD = gnu11;
				GCC_DYNAMIC_NO_PIC = NO;
				GCC_OPTIMIZATION_LEVEL = 0;
				GCC_PREPROCESSOR_DEFINITIONS = (
					"DEBUG=1",
					"$(inherited)",
				);
				GCC_WARN_ABOUT_RETURN_TYPE = YES_ERROR;
				GCC_WARN_UNINITIALIZED_AUTOS = YES_AGGRESSIVE;
				INFOPLIST_FILE = iOS/Info.plist;
				IPHONEOS_DEPLOYMENT_TARGET = 12.2;
				LD_RUNPATH_SEARCH_PATHS = "$(inherited) @executable_path/Frameworks";
				MTL_ENABLE_DEBUG_INFO = INCLUDE_SOURCE;
				MTL_FAST_MATH = YES;
				PRODUCT_BUNDLE_IDENTIFIER = org.derailer.PunyCocoaTouch;
				PRODUCT_NAME = "$(TARGET_NAME)";
				SDKROOT = iphoneos;
				TARGETED_DEVICE_FAMILY = "1,2";
			};
			name = Debug;
		};
		B2552E3022B134680015B473 /* Release */ = {
			isa = XCBuildConfiguration;
			buildSettings = {
				ASSETCATALOG_COMPILER_APPICON_NAME = AppIcon;
				CLANG_ANALYZER_NONNULL = YES;
				CLANG_ANALYZER_NUMBER_OBJECT_CONVERSION = YES_AGGRESSIVE;
				CLANG_CXX_LANGUAGE_STANDARD = "gnu++14";
				CLANG_CXX_LIBRARY = "libc++";
				CLANG_ENABLE_MODULES = YES;
				CLANG_ENABLE_OBJC_ARC = YES;
				CLANG_ENABLE_OBJC_WEAK = YES;
				CLANG_WARN_DIRECT_OBJC_ISA_USAGE = YES_ERROR;
				CLANG_WARN_DOCUMENTATION_COMMENTS = YES;
				CLANG_WARN_OBJC_ROOT_CLASS = YES_ERROR;
				CLANG_WARN_UNGUARDED_AVAILABILITY = YES_AGGRESSIVE;
				CODE_SIGN_IDENTITY = "iPhone Developer";
				CODE_SIGN_STYLE = Automatic;
				COPY_PHASE_STRIP = NO;
				DEBUG_INFORMATION_FORMAT = "dwarf-with-dsym";
				DEVELOPMENT_TEAM = M72QZ9W58G;
				ENABLE_NS_ASSERTIONS = NO;
				GCC_C_LANGUAGE_STANDARD = gnu11;
				GCC_WARN_ABOUT_RETURN_TYPE = YES_ERROR;
				GCC_WARN_UNINITIALIZED_AUTOS = YES_AGGRESSIVE;
				INFOPLIST_FILE = iOS/Info.plist;
				IPHONEOS_DEPLOYMENT_TARGET = 12.2;
				LD_RUNPATH_SEARCH_PATHS = "$(inherited) @executable_path/Frameworks";
				MTL_ENABLE_DEBUG_INFO = NO;
				MTL_FAST_MATH = YES;
				PRODUCT_BUNDLE_IDENTIFIER = org.derailer.PunyCocoaTouch;
				PRODUCT_NAME = "$(TARGET_NAME)";
				SDKROOT = iphoneos;
				TARGETED_DEVICE_FAMILY = "1,2";
				VALIDATE_PRODUCT = YES;
			};
			name = Release;
		};
		B255A56A1500C4800073DF21 /* Debug */ = {
			isa = XCBuildConfiguration;
			buildSettings = {
				ALWAYS_SEARCH_USER_PATHS = NO;
				BUNDLE_LOADER = "$(BUILT_PRODUCTS_DIR)/PunyCocoa.app/Contents/MacOS/PunyCocoa";
				CLANG_ENABLE_OBJC_ARC = YES;
				CODE_SIGN_IDENTITY = "-";
				CODE_SIGN_STYLE = Automatic;
				COMBINE_HIDPI_IMAGES = YES;
				COPY_PHASE_STRIP = NO;
				DEVELOPMENT_TEAM = "";
				FRAMEWORK_SEARCH_PATHS = "$(inherited)";
				GCC_DYNAMIC_NO_PIC = NO;
				GCC_ENABLE_OBJC_EXCEPTIONS = YES;
				GCC_OPTIMIZATION_LEVEL = 0;
				GCC_PRECOMPILE_PREFIX_HEADER = YES;
				GCC_PREPROCESSOR_DEFINITIONS = (
					"DEBUG=1",
					"$(inherited)",
				);
				GCC_SYMBOLS_PRIVATE_EXTERN = NO;
				GCC_WARN_64_TO_32_BIT_CONVERSION = YES;
				GCC_WARN_ABOUT_RETURN_TYPE = YES;
				GCC_WARN_UNINITIALIZED_AUTOS = YES;
				GCC_WARN_UNUSED_VARIABLE = YES;
				INFOPLIST_FILE = "PunycodeTests/PunycodeTests-Info.plist";
				MACOSX_DEPLOYMENT_TARGET = 10.7;
				ONLY_ACTIVE_ARCH = YES;
				PRODUCT_BUNDLE_IDENTIFIER = "org.derailer.${PRODUCT_NAME:rfc1034identifier}";
				PRODUCT_NAME = "$(TARGET_NAME)";
				PROVISIONING_PROFILE_SPECIFIER = "";
				SDKROOT = macosx;
				TEST_HOST = "$(BUNDLE_LOADER)";
			};
			name = Debug;
		};
		B255A56B1500C4800073DF21 /* Release */ = {
			isa = XCBuildConfiguration;
			buildSettings = {
				ALWAYS_SEARCH_USER_PATHS = NO;
				BUNDLE_LOADER = "$(BUILT_PRODUCTS_DIR)/PunyCocoa.app/Contents/MacOS/PunyCocoa";
				CLANG_ENABLE_OBJC_ARC = YES;
				CODE_SIGN_IDENTITY = "-";
				CODE_SIGN_STYLE = Automatic;
				COMBINE_HIDPI_IMAGES = YES;
				COPY_PHASE_STRIP = YES;
				DEBUG_INFORMATION_FORMAT = "dwarf-with-dsym";
				DEVELOPMENT_TEAM = "";
				FRAMEWORK_SEARCH_PATHS = "$(inherited)";
				GCC_ENABLE_OBJC_EXCEPTIONS = YES;
				GCC_PRECOMPILE_PREFIX_HEADER = YES;
				GCC_WARN_64_TO_32_BIT_CONVERSION = YES;
				GCC_WARN_ABOUT_RETURN_TYPE = YES;
				GCC_WARN_UNINITIALIZED_AUTOS = YES;
				GCC_WARN_UNUSED_VARIABLE = YES;
				INFOPLIST_FILE = "PunycodeTests/PunycodeTests-Info.plist";
				MACOSX_DEPLOYMENT_TARGET = 10.7;
				PRODUCT_BUNDLE_IDENTIFIER = "org.derailer.${PRODUCT_NAME:rfc1034identifier}";
				PRODUCT_NAME = "$(TARGET_NAME)";
				PROVISIONING_PROFILE_SPECIFIER = "";
				SDKROOT = macosx;
				TEST_HOST = "$(BUNDLE_LOADER)";
			};
			name = Release;
		};
		B2B33EA90A9B4534002D5B27 /* Debug */ = {
			isa = XCBuildConfiguration;
			buildSettings = {
				CLANG_ENABLE_OBJC_ARC = YES;
				CODE_SIGN_IDENTITY = "-";
				CODE_SIGN_STYLE = Automatic;
				COMBINE_HIDPI_IMAGES = YES;
				COPY_PHASE_STRIP = NO;
				DEVELOPMENT_TEAM = M72QZ9W58G;
				GCC_DYNAMIC_NO_PIC = NO;
				GCC_GENERATE_DEBUGGING_SYMBOLS = YES;
				GCC_OPTIMIZATION_LEVEL = 0;
				GCC_PRECOMPILE_PREFIX_HEADER = YES;
				GCC_PREPROCESSOR_DEFINITIONS = PUNYCODE_COCOA_USE_ICU;
				GCC_TREAT_WARNINGS_AS_ERRORS = YES;
				INFOPLIST_FILE = Mac/Info.plist;
				INSTALL_PATH = "$(HOME)/Applications";
				LIBRARY_SEARCH_PATHS = (
					"$(inherited)",
					"$(PROJECT_DIR)",
				);
				MACOSX_DEPLOYMENT_TARGET = 10.9;
				PRODUCT_BUNDLE_IDENTIFIER = org.derailer.PunyCocoa;
				PRODUCT_NAME = "$(TARGET_NAME)";
				PROVISIONING_PROFILE_SPECIFIER = "";
				SDKROOT = macosx;
				WARNING_CFLAGS = (
					"-Wmost",
					"-Wno-four-char-constants",
					"-Wno-unknown-pragmas",
				);
				WRAPPER_EXTENSION = app;
			};
			name = Debug;
		};
		B2B33EAA0A9B4534002D5B27 /* Release */ = {
			isa = XCBuildConfiguration;
			buildSettings = {
				CLANG_ENABLE_OBJC_ARC = YES;
				CODE_SIGN_IDENTITY = "-";
				CODE_SIGN_STYLE = Automatic;
				COMBINE_HIDPI_IMAGES = YES;
				COPY_PHASE_STRIP = YES;
				DEVELOPMENT_TEAM = M72QZ9W58G;
				GCC_PRECOMPILE_PREFIX_HEADER = YES;
				GCC_PREPROCESSOR_DEFINITIONS = PUNYCODE_COCOA_USE_ICU;
				GCC_TREAT_WARNINGS_AS_ERRORS = YES;
				INFOPLIST_FILE = Mac/Info.plist;
				INSTALL_PATH = "$(HOME)/Applications";
				LIBRARY_SEARCH_PATHS = (
					"$(inherited)",
					"$(PROJECT_DIR)",
				);
				MACOSX_DEPLOYMENT_TARGET = 10.9;
				PRODUCT_BUNDLE_IDENTIFIER = org.derailer.PunyCocoa;
				PRODUCT_NAME = "$(TARGET_NAME)";
				PROVISIONING_PROFILE_SPECIFIER = "";
				SDKROOT = macosx;
				WARNING_CFLAGS = (
					"-Wmost",
					"-Wno-four-char-constants",
					"-Wno-unknown-pragmas",
				);
				WRAPPER_EXTENSION = app;
			};
			name = Release;
		};
		B2B33EAD0A9B4534002D5B27 /* Debug */ = {
			isa = XCBuildConfiguration;
			buildSettings = {
				ALWAYS_SEARCH_USER_PATHS = NO;
				CLANG_WARN_BLOCK_CAPTURE_AUTORELEASING = YES;
				CLANG_WARN_BOOL_CONVERSION = YES;
				CLANG_WARN_COMMA = YES;
				CLANG_WARN_CONSTANT_CONVERSION = YES;
				CLANG_WARN_DEPRECATED_OBJC_IMPLEMENTATIONS = YES;
				CLANG_WARN_EMPTY_BODY = YES;
				CLANG_WARN_ENUM_CONVERSION = YES;
				CLANG_WARN_IMPLICIT_SIGN_CONVERSION = YES;
				CLANG_WARN_INFINITE_RECURSION = YES;
				CLANG_WARN_INT_CONVERSION = YES;
				CLANG_WARN_NON_LITERAL_NULL_CONVERSION = YES;
				CLANG_WARN_OBJC_IMPLICIT_RETAIN_SELF = YES;
				CLANG_WARN_OBJC_LITERAL_CONVERSION = YES;
				CLANG_WARN_RANGE_LOOP_ANALYSIS = YES;
				CLANG_WARN_STRICT_PROTOTYPES = YES;
				CLANG_WARN_SUSPICIOUS_IMPLICIT_CONVERSION = YES;
				CLANG_WARN_SUSPICIOUS_MOVE = YES;
				CLANG_WARN_UNREACHABLE_CODE = YES;
				CLANG_WARN__DUPLICATE_METHOD_MATCH = YES;
				ENABLE_STRICT_OBJC_MSGSEND = YES;
				ENABLE_TESTABILITY = YES;
				GCC_NO_COMMON_BLOCKS = YES;
				GCC_VERSION = com.apple.compilers.llvm.clang.1_0;
				GCC_WARN_64_TO_32_BIT_CONVERSION = YES;
				GCC_WARN_ABOUT_RETURN_TYPE = YES;
				GCC_WARN_UNDECLARED_SELECTOR = YES;
				GCC_WARN_UNINITIALIZED_AUTOS = YES;
				GCC_WARN_UNUSED_FUNCTION = YES;
				GCC_WARN_UNUSED_VARIABLE = YES;
				HEADER_SEARCH_PATHS = "$(SRCROOT)/Shared";
				LIBRARY_SEARCH_PATHS = "/usr/lib/**";
				ONLY_ACTIVE_ARCH = YES;
				OTHER_SWIFT_FLAGS = "-Xfrontend -warn-long-expression-type-checking=300";
				RUN_CLANG_STATIC_ANALYZER = YES;
			};
			name = Debug;
		};
		B2B33EAE0A9B4534002D5B27 /* Release */ = {
			isa = XCBuildConfiguration;
			buildSettings = {
				ALWAYS_SEARCH_USER_PATHS = NO;
				CLANG_WARN_BLOCK_CAPTURE_AUTORELEASING = YES;
				CLANG_WARN_BOOL_CONVERSION = YES;
				CLANG_WARN_COMMA = YES;
				CLANG_WARN_CONSTANT_CONVERSION = YES;
				CLANG_WARN_DEPRECATED_OBJC_IMPLEMENTATIONS = YES;
				CLANG_WARN_EMPTY_BODY = YES;
				CLANG_WARN_ENUM_CONVERSION = YES;
				CLANG_WARN_IMPLICIT_SIGN_CONVERSION = YES;
				CLANG_WARN_INFINITE_RECURSION = YES;
				CLANG_WARN_INT_CONVERSION = YES;
				CLANG_WARN_NON_LITERAL_NULL_CONVERSION = YES;
				CLANG_WARN_OBJC_IMPLICIT_RETAIN_SELF = YES;
				CLANG_WARN_OBJC_LITERAL_CONVERSION = YES;
				CLANG_WARN_RANGE_LOOP_ANALYSIS = YES;
				CLANG_WARN_STRICT_PROTOTYPES = YES;
				CLANG_WARN_SUSPICIOUS_IMPLICIT_CONVERSION = YES;
				CLANG_WARN_SUSPICIOUS_MOVE = YES;
				CLANG_WARN_UNREACHABLE_CODE = YES;
				CLANG_WARN__DUPLICATE_METHOD_MATCH = YES;
				ENABLE_STRICT_OBJC_MSGSEND = YES;
				GCC_NO_COMMON_BLOCKS = YES;
				GCC_VERSION = com.apple.compilers.llvm.clang.1_0;
				GCC_WARN_64_TO_32_BIT_CONVERSION = YES;
				GCC_WARN_ABOUT_RETURN_TYPE = YES;
				GCC_WARN_UNDECLARED_SELECTOR = YES;
				GCC_WARN_UNINITIALIZED_AUTOS = YES;
				GCC_WARN_UNUSED_FUNCTION = YES;
				GCC_WARN_UNUSED_VARIABLE = YES;
				HEADER_SEARCH_PATHS = "$(SRCROOT)/Shared";
				LIBRARY_SEARCH_PATHS = "/usr/lib/**";
				OTHER_SWIFT_FLAGS = "-Xfrontend -warn-long-expression-type-checking=300";
				RUN_CLANG_STATIC_ANALYZER = YES;
				SWIFT_COMPILATION_MODE = wholemodule;
			};
			name = Release;
		};
		B2B4F3D1242EB79E00CC752F /* Debug */ = {
			isa = XCBuildConfiguration;
			buildSettings = {
				CLANG_ANALYZER_NONNULL = YES;
				CLANG_ANALYZER_NUMBER_OBJECT_CONVERSION = YES_AGGRESSIVE;
				CLANG_CXX_LANGUAGE_STANDARD = "gnu++14";
				CLANG_CXX_LIBRARY = "libc++";
				CLANG_ENABLE_MODULES = YES;
				CLANG_ENABLE_OBJC_ARC = YES;
				CLANG_ENABLE_OBJC_WEAK = YES;
				CLANG_WARN_DIRECT_OBJC_ISA_USAGE = YES_ERROR;
				CLANG_WARN_DOCUMENTATION_COMMENTS = YES;
				CLANG_WARN_OBJC_ROOT_CLASS = YES_ERROR;
				CLANG_WARN_UNGUARDED_AVAILABILITY = YES_AGGRESSIVE;
				CODE_SIGN_IDENTITY = "-";
				CODE_SIGN_STYLE = Automatic;
				COPY_PHASE_STRIP = NO;
				DEBUG_INFORMATION_FORMAT = dwarf;
				DEVELOPMENT_TEAM = M72QZ9W58G;
				ENABLE_HARDENED_RUNTIME = YES;
				GCC_C_LANGUAGE_STANDARD = gnu11;
				GCC_DYNAMIC_NO_PIC = NO;
				GCC_OPTIMIZATION_LEVEL = 0;
				GCC_PREPROCESSOR_DEFINITIONS = (
					"DEBUG=1",
					"$(inherited)",
				);
				GCC_WARN_ABOUT_RETURN_TYPE = YES_ERROR;
				GCC_WARN_UNINITIALIZED_AUTOS = YES_AGGRESSIVE;
				MACOSX_DEPLOYMENT_TARGET = 10.15;
				MTL_ENABLE_DEBUG_INFO = INCLUDE_SOURCE;
				MTL_FAST_MATH = YES;
				PRODUCT_NAME = "$(TARGET_NAME)";
				SDKROOT = macosx;
				SWIFT_ACTIVE_COMPILATION_CONDITIONS = DEBUG;
				SWIFT_OPTIMIZATION_LEVEL = "-Onone";
				SWIFT_VERSION = 5.0;
			};
			name = Debug;
		};
		B2B4F3D2242EB79E00CC752F /* Release */ = {
			isa = XCBuildConfiguration;
			buildSettings = {
				CLANG_ANALYZER_NONNULL = YES;
				CLANG_ANALYZER_NUMBER_OBJECT_CONVERSION = YES_AGGRESSIVE;
				CLANG_CXX_LANGUAGE_STANDARD = "gnu++14";
				CLANG_CXX_LIBRARY = "libc++";
				CLANG_ENABLE_MODULES = YES;
				CLANG_ENABLE_OBJC_ARC = YES;
				CLANG_ENABLE_OBJC_WEAK = YES;
				CLANG_WARN_DIRECT_OBJC_ISA_USAGE = YES_ERROR;
				CLANG_WARN_DOCUMENTATION_COMMENTS = YES;
				CLANG_WARN_OBJC_ROOT_CLASS = YES_ERROR;
				CLANG_WARN_UNGUARDED_AVAILABILITY = YES_AGGRESSIVE;
				CODE_SIGN_IDENTITY = "-";
				CODE_SIGN_STYLE = Automatic;
				COPY_PHASE_STRIP = NO;
				DEBUG_INFORMATION_FORMAT = "dwarf-with-dsym";
				DEVELOPMENT_TEAM = M72QZ9W58G;
				ENABLE_HARDENED_RUNTIME = YES;
				ENABLE_NS_ASSERTIONS = NO;
				GCC_C_LANGUAGE_STANDARD = gnu11;
				GCC_WARN_ABOUT_RETURN_TYPE = YES_ERROR;
				GCC_WARN_UNINITIALIZED_AUTOS = YES_AGGRESSIVE;
				MACOSX_DEPLOYMENT_TARGET = 10.15;
				MTL_ENABLE_DEBUG_INFO = NO;
				MTL_FAST_MATH = YES;
				PRODUCT_NAME = "$(TARGET_NAME)";
				SDKROOT = macosx;
				SWIFT_OPTIMIZATION_LEVEL = "-O";
				SWIFT_VERSION = 5.0;
			};
			name = Release;
		};
		B2C3DD4E241FECF400484850 /* Debug */ = {
			isa = XCBuildConfiguration;
			buildSettings = {
				ASSETCATALOG_COMPILER_APPICON_NAME = AppIcon;
				CLANG_ANALYZER_NONNULL = YES;
				CLANG_ANALYZER_NUMBER_OBJECT_CONVERSION = YES_AGGRESSIVE;
				CLANG_CXX_LANGUAGE_STANDARD = "gnu++14";
				CLANG_CXX_LIBRARY = "libc++";
				CLANG_ENABLE_MODULES = YES;
				CLANG_ENABLE_OBJC_ARC = YES;
				CLANG_ENABLE_OBJC_WEAK = YES;
				CLANG_WARN_DIRECT_OBJC_ISA_USAGE = YES_ERROR;
				CLANG_WARN_DOCUMENTATION_COMMENTS = YES;
				CLANG_WARN_OBJC_ROOT_CLASS = YES_ERROR;
				CLANG_WARN_UNGUARDED_AVAILABILITY = YES_AGGRESSIVE;
				CODE_SIGN_ENTITLEMENTS = "Mac (Swift)/PunyCocoa_Swift.entitlements";
				CODE_SIGN_IDENTITY = "-";
				CODE_SIGN_STYLE = Automatic;
				COMBINE_HIDPI_IMAGES = YES;
				COPY_PHASE_STRIP = NO;
				DEBUG_INFORMATION_FORMAT = dwarf;
				DEVELOPMENT_TEAM = "";
				ENABLE_HARDENED_RUNTIME = YES;
				GCC_C_LANGUAGE_STANDARD = gnu11;
				GCC_DYNAMIC_NO_PIC = NO;
				GCC_OPTIMIZATION_LEVEL = 0;
				GCC_PREPROCESSOR_DEFINITIONS = (
					"DEBUG=1",
					"$(inherited)",
				);
				GCC_WARN_ABOUT_RETURN_TYPE = YES_ERROR;
				GCC_WARN_UNINITIALIZED_AUTOS = YES_AGGRESSIVE;
				INFOPLIST_FILE = "Mac (Swift)/Info.plist";
				LD_RUNPATH_SEARCH_PATHS = "$(inherited) @executable_path/../Frameworks";
				MACOSX_DEPLOYMENT_TARGET = 10.14.4;
				MTL_ENABLE_DEBUG_INFO = INCLUDE_SOURCE;
				MTL_FAST_MATH = YES;
				PRODUCT_BUNDLE_IDENTIFIER = "org.derailer.PunyCocoa-Swift";
				PRODUCT_NAME = "$(TARGET_NAME)";
				SDKROOT = macosx;
				SWIFT_ACTIVE_COMPILATION_CONDITIONS = DEBUG;
				SWIFT_OPTIMIZATION_LEVEL = "-Onone";
				SWIFT_VERSION = 5.0;
			};
			name = Debug;
		};
		B2C3DD4F241FECF400484850 /* Release */ = {
			isa = XCBuildConfiguration;
			buildSettings = {
				ASSETCATALOG_COMPILER_APPICON_NAME = AppIcon;
				CLANG_ANALYZER_NONNULL = YES;
				CLANG_ANALYZER_NUMBER_OBJECT_CONVERSION = YES_AGGRESSIVE;
				CLANG_CXX_LANGUAGE_STANDARD = "gnu++14";
				CLANG_CXX_LIBRARY = "libc++";
				CLANG_ENABLE_MODULES = YES;
				CLANG_ENABLE_OBJC_ARC = YES;
				CLANG_ENABLE_OBJC_WEAK = YES;
				CLANG_WARN_DIRECT_OBJC_ISA_USAGE = YES_ERROR;
				CLANG_WARN_DOCUMENTATION_COMMENTS = YES;
				CLANG_WARN_OBJC_ROOT_CLASS = YES_ERROR;
				CLANG_WARN_UNGUARDED_AVAILABILITY = YES_AGGRESSIVE;
				CODE_SIGN_ENTITLEMENTS = "Mac (Swift)/PunyCocoa_Swift.entitlements";
				CODE_SIGN_IDENTITY = "-";
				CODE_SIGN_STYLE = Automatic;
				COMBINE_HIDPI_IMAGES = YES;
				COPY_PHASE_STRIP = NO;
				DEBUG_INFORMATION_FORMAT = "dwarf-with-dsym";
				DEVELOPMENT_TEAM = "";
				ENABLE_HARDENED_RUNTIME = YES;
				ENABLE_NS_ASSERTIONS = NO;
				GCC_C_LANGUAGE_STANDARD = gnu11;
				GCC_WARN_ABOUT_RETURN_TYPE = YES_ERROR;
				GCC_WARN_UNINITIALIZED_AUTOS = YES_AGGRESSIVE;
				INFOPLIST_FILE = "Mac (Swift)/Info.plist";
				LD_RUNPATH_SEARCH_PATHS = "$(inherited) @executable_path/../Frameworks";
				MACOSX_DEPLOYMENT_TARGET = 10.14.4;
				MTL_ENABLE_DEBUG_INFO = NO;
				MTL_FAST_MATH = YES;
				PRODUCT_BUNDLE_IDENTIFIER = "org.derailer.PunyCocoa-Swift";
				PRODUCT_NAME = "$(TARGET_NAME)";
				SDKROOT = macosx;
				SWIFT_VERSION = 5.0;
			};
			name = Release;
		};
/* End XCBuildConfiguration section */

/* Begin XCConfigurationList section */
		B24106FF22450B860014E4D0 /* Build configuration list for PBXNativeTarget "PunyCocoa MRR" */ = {
			isa = XCConfigurationList;
			buildConfigurations = (
				B241070022450B860014E4D0 /* Debug */,
				B241070122450B860014E4D0 /* Release */,
			);
			defaultConfigurationIsVisible = 0;
			defaultConfigurationName = Debug;
		};
		B245857C2423206100CC75A4 /* Build configuration list for PBXNativeTarget "PunycodeSwiftTests" */ = {
			isa = XCConfigurationList;
			buildConfigurations = (
				B245857D2423206100CC75A4 /* Debug */,
				B245857E2423206100CC75A4 /* Release */,
			);
			defaultConfigurationIsVisible = 0;
			defaultConfigurationName = Debug;
		};
		B2552E3122B134680015B473 /* Build configuration list for PBXNativeTarget "PunyCocoaTouch" */ = {
			isa = XCConfigurationList;
			buildConfigurations = (
				B2552E2F22B134680015B473 /* Debug */,
				B2552E3022B134680015B473 /* Release */,
			);
			defaultConfigurationIsVisible = 0;
			defaultConfigurationName = Debug;
		};
		B255A5691500C4800073DF21 /* Build configuration list for PBXNativeTarget "PunycodeTests" */ = {
			isa = XCConfigurationList;
			buildConfigurations = (
				B255A56A1500C4800073DF21 /* Debug */,
				B255A56B1500C4800073DF21 /* Release */,
			);
			defaultConfigurationIsVisible = 0;
			defaultConfigurationName = Debug;
		};
		B2B33EA80A9B4534002D5B27 /* Build configuration list for PBXNativeTarget "PunyCocoa" */ = {
			isa = XCConfigurationList;
			buildConfigurations = (
				B2B33EA90A9B4534002D5B27 /* Debug */,
				B2B33EAA0A9B4534002D5B27 /* Release */,
			);
			defaultConfigurationIsVisible = 0;
			defaultConfigurationName = Debug;
		};
		B2B33EAC0A9B4534002D5B27 /* Build configuration list for PBXProject "Punycode" */ = {
			isa = XCConfigurationList;
			buildConfigurations = (
				B2B33EAD0A9B4534002D5B27 /* Debug */,
				B2B33EAE0A9B4534002D5B27 /* Release */,
			);
			defaultConfigurationIsVisible = 0;
			defaultConfigurationName = Debug;
		};
		B2B4F3D3242EB79E00CC752F /* Build configuration list for PBXNativeTarget "icumap2code" */ = {
			isa = XCConfigurationList;
			buildConfigurations = (
				B2B4F3D1242EB79E00CC752F /* Debug */,
				B2B4F3D2242EB79E00CC752F /* Release */,
			);
			defaultConfigurationIsVisible = 0;
			defaultConfigurationName = Debug;
		};
		B2C3DD4D241FECF400484850 /* Build configuration list for PBXNativeTarget "PunyCocoa Swift" */ = {
			isa = XCConfigurationList;
			buildConfigurations = (
				B2C3DD4E241FECF400484850 /* Debug */,
				B2C3DD4F241FECF400484850 /* Release */,
			);
			defaultConfigurationIsVisible = 0;
			defaultConfigurationName = Debug;
		};
/* End XCConfigurationList section */
	};
	rootObject = 29B97313FDCFA39411CA2CEA /* Project object */;
}
