// !$*UTF8*$!
{
	archiveVersion = 1;
	classes = {
	};
	objectVersion = 53;
	objects = {

/* Begin PBXBuildFile section */
		B23CBE6224AE05C400F98F35 /* Scanner+ConversionExtensions.swift in Sources */ = {isa = PBXBuildFile; fileRef = B23CBE6024AE05B100F98F35 /* Scanner+ConversionExtensions.swift */; };
		B244BE892460CCE800FBA17F /* UTS46.swift in Sources */ = {isa = PBXBuildFile; fileRef = B2AF210624313283009F5EE7 /* UTS46.swift */; };
		B244BE8A2460CD2800FBA17F /* CharacterSet+Extensions.swift in Sources */ = {isa = PBXBuildFile; fileRef = B2D853C9244E42ED004B697E /* CharacterSet+Extensions.swift */; };
		B244BE8B2460CD2A00FBA17F /* Scanner+Extensions.swift in Sources */ = {isa = PBXBuildFile; fileRef = B25AEA6C244D8CEC0009E982 /* Scanner+Extensions.swift */; };
		B245857A2423206100CC75A4 /* PunycodeSwiftTests.swift in Sources */ = {isa = PBXBuildFile; fileRef = B24585792423206100CC75A4 /* PunycodeSwiftTests.swift */; };
		B24AAF0E24363D0C003DD346 /* String+IDNA.swift in Sources */ = {isa = PBXBuildFile; fileRef = B2C3DCC1241FE95B00484850 /* String+IDNA.swift */; };
		B2552E2022B134650015B473 /* AppDelegate.m in Sources */ = {isa = PBXBuildFile; fileRef = B2552E1F22B134650015B473 /* AppDelegate.m */; };
		B2552E2322B134650015B473 /* ViewController.m in Sources */ = {isa = PBXBuildFile; fileRef = B2552E2222B134650015B473 /* ViewController.m */; };
		B2552E2622B134650015B473 /* Main.storyboard in Resources */ = {isa = PBXBuildFile; fileRef = B2552E2422B134650015B473 /* Main.storyboard */; };
		B2552E2822B134680015B473 /* Assets.xcassets in Resources */ = {isa = PBXBuildFile; fileRef = B2552E2722B134680015B473 /* Assets.xcassets */; };
		B2552E2B22B134680015B473 /* LaunchScreen.storyboard in Resources */ = {isa = PBXBuildFile; fileRef = B2552E2922B134680015B473 /* LaunchScreen.storyboard */; };
		B2552E2E22B134680015B473 /* main.m in Sources */ = {isa = PBXBuildFile; fileRef = B2552E2D22B134680015B473 /* main.m */; };
		B2552E3522B13CBC0015B473 /* Controller.m in Sources */ = {isa = PBXBuildFile; fileRef = B2552E3422B13CBC0015B473 /* Controller.m */; };
		B25753831F3CE9A9002606DD /* WebKit.framework in Frameworks */ = {isa = PBXBuildFile; fileRef = B25753821F3CE9A9002606DD /* WebKit.framework */; settings = {ATTRIBUTES = (Required, ); }; };
		B26FA03D2055425C00CD6AF1 /* libicucore.tbd in Frameworks */ = {isa = PBXBuildFile; fileRef = B26FA03C2055425C00CD6AF1 /* libicucore.tbd */; settings = {ATTRIBUTES = (Weak, ); }; };
		B27409C92443E45B00E567E7 /* Data+Extensions.swift in Sources */ = {isa = PBXBuildFile; fileRef = B27409C82443E45B00E567E7 /* Data+Extensions.swift */; };
		B27409CA2443F66900E567E7 /* Data+Extensions.swift in Sources */ = {isa = PBXBuildFile; fileRef = B27409C82443E45B00E567E7 /* Data+Extensions.swift */; };
		B285064624AF938500D38235 /* NSString+IDNA.swift in Sources */ = {isa = PBXBuildFile; fileRef = B265ED10244B94E50038CB55 /* NSString+IDNA.swift */; };
		B285064A24AF93A000D38235 /* Scanner+Extensions.swift in Sources */ = {isa = PBXBuildFile; fileRef = B25AEA6C244D8CEC0009E982 /* Scanner+Extensions.swift */; };
		B285064B24AF93A300D38235 /* String+IDNA.swift in Sources */ = {isa = PBXBuildFile; fileRef = B2C3DCC1241FE95B00484850 /* String+IDNA.swift */; };
		B285064C24AF93A500D38235 /* UTS46.swift in Sources */ = {isa = PBXBuildFile; fileRef = B2AF210624313283009F5EE7 /* UTS46.swift */; };
		B285064D24AF93A700D38235 /* UTS46+Loading.swift in Sources */ = {isa = PBXBuildFile; fileRef = B2C8FD7424663F55006DF2D9 /* UTS46+Loading.swift */; };
		B285064F24AF9B5C00D38235 /* uts46 in Resources */ = {isa = PBXBuildFile; fileRef = B2AF21082431376E009F5EE7 /* uts46 */; };
		B285065024B0414900D38235 /* UTS46+Loading.swift in Sources */ = {isa = PBXBuildFile; fileRef = B2C8FD7424663F55006DF2D9 /* UTS46+Loading.swift */; };
		B285065124B0414D00D38235 /* Data+Extensions.swift in Sources */ = {isa = PBXBuildFile; fileRef = B27409C82443E45B00E567E7 /* Data+Extensions.swift */; };
		B285065224B0414E00D38235 /* Data+Extensions.swift in Sources */ = {isa = PBXBuildFile; fileRef = B27409C82443E45B00E567E7 /* Data+Extensions.swift */; };
		B285065324B0415200D38235 /* NSString+IDNA.swift in Sources */ = {isa = PBXBuildFile; fileRef = B265ED10244B94E50038CB55 /* NSString+IDNA.swift */; };
		B285065424B0415600D38235 /* Scanner+Extensions.swift in Sources */ = {isa = PBXBuildFile; fileRef = B25AEA6C244D8CEC0009E982 /* Scanner+Extensions.swift */; };
		B285065524B0415800D38235 /* String+IDNA.swift in Sources */ = {isa = PBXBuildFile; fileRef = B2C3DCC1241FE95B00484850 /* String+IDNA.swift */; };
		B285065624B0415A00D38235 /* UTS46.swift in Sources */ = {isa = PBXBuildFile; fileRef = B2AF210624313283009F5EE7 /* UTS46.swift */; };
		B285065724B0418A00D38235 /* uts46 in Resources */ = {isa = PBXBuildFile; fileRef = B2AF21082431376E009F5EE7 /* uts46 */; };
		B2A4B164246A146E00ED32EB /* PunycodeCocoaTouch.h in Headers */ = {isa = PBXBuildFile; fileRef = B2A4B162246A146E00ED32EB /* PunycodeCocoaTouch.h */; settings = {ATTRIBUTES = (Public, ); }; };
		B2A4B169246A14EB00ED32EB /* Scanner+Extensions.swift in Sources */ = {isa = PBXBuildFile; fileRef = B25AEA6C244D8CEC0009E982 /* Scanner+Extensions.swift */; };
		B2A4B16A246A14EB00ED32EB /* UTS46.swift in Sources */ = {isa = PBXBuildFile; fileRef = B2AF210624313283009F5EE7 /* UTS46.swift */; };
		B2A4B16B246A14EB00ED32EB /* UTS46+Loading.swift in Sources */ = {isa = PBXBuildFile; fileRef = B2C8FD7424663F55006DF2D9 /* UTS46+Loading.swift */; };
		B2A4B16C246A14EB00ED32EB /* Data+Extensions.swift in Sources */ = {isa = PBXBuildFile; fileRef = B27409C82443E45B00E567E7 /* Data+Extensions.swift */; };
		B2A4B16D246A14EB00ED32EB /* NSString+IDNA.swift in Sources */ = {isa = PBXBuildFile; fileRef = B265ED10244B94E50038CB55 /* NSString+IDNA.swift */; };
		B2AF210724313283009F5EE7 /* UTS46.swift in Sources */ = {isa = PBXBuildFile; fileRef = B2AF210624313283009F5EE7 /* UTS46.swift */; };
		B2AF21092431376E009F5EE7 /* uts46 in Resources */ = {isa = PBXBuildFile; fileRef = B2AF21082431376E009F5EE7 /* uts46 */; };
		B2B4F3D0242EB79E00CC752F /* main.swift in Sources */ = {isa = PBXBuildFile; fileRef = B2B4F3CF242EB79E00CC752F /* main.swift */; };
		B2BAC3D12468BE5F0014124A /* Scanner+Extensions.swift in Sources */ = {isa = PBXBuildFile; fileRef = B25AEA6C244D8CEC0009E982 /* Scanner+Extensions.swift */; };
		B2BAC3D42468BF800014124A /* Scanner+Extensions.swift in Sources */ = {isa = PBXBuildFile; fileRef = B25AEA6C244D8CEC0009E982 /* Scanner+Extensions.swift */; };
		B2BAC3D52468C5090014124A /* CharacterSet+Extensions.swift in Sources */ = {isa = PBXBuildFile; fileRef = B2D853C9244E42ED004B697E /* CharacterSet+Extensions.swift */; };
		B2C3DD45241FECF200484850 /* AppDelegate.swift in Sources */ = {isa = PBXBuildFile; fileRef = B2C3DD44241FECF200484850 /* AppDelegate.swift */; };
		B2C3DD47241FECF400484850 /* Assets.xcassets in Resources */ = {isa = PBXBuildFile; fileRef = B2C3DD46241FECF400484850 /* Assets.xcassets */; };
		B2C3DD55241FEDF900484850 /* Controller.swift in Sources */ = {isa = PBXBuildFile; fileRef = B2C3DD54241FEDF900484850 /* Controller.swift */; };
		B2C3DD56241FEE5A00484850 /* MainMenu.xib in Resources */ = {isa = PBXBuildFile; fileRef = B2C3DD52241FEDC800484850 /* MainMenu.xib */; };
		B2C8FD6224661FC2006DF2D9 /* PunycodeCocoa.h in Headers */ = {isa = PBXBuildFile; fileRef = B2C8FD6024661FC2006DF2D9 /* PunycodeCocoa.h */; settings = {ATTRIBUTES = (Public, ); }; };
		B2C8FD6524661FC2006DF2D9 /* IDNACocoa.framework in Frameworks */ = {isa = PBXBuildFile; fileRef = B2C8FD5E24661FC2006DF2D9 /* IDNACocoa.framework */; };
		B2C8FD6624661FC2006DF2D9 /* IDNACocoa.framework in Embed Frameworks */ = {isa = PBXBuildFile; fileRef = B2C8FD5E24661FC2006DF2D9 /* IDNACocoa.framework */; settings = {ATTRIBUTES = (CodeSignOnCopy, RemoveHeadersOnCopy, ); }; };
		B2C8FD6B24661FDD006DF2D9 /* String+IDNA.swift in Sources */ = {isa = PBXBuildFile; fileRef = B2C3DCC1241FE95B00484850 /* String+IDNA.swift */; };
		B2C8FD6D24661FDD006DF2D9 /* UTS46.swift in Sources */ = {isa = PBXBuildFile; fileRef = B2AF210624313283009F5EE7 /* UTS46.swift */; };
		B2C8FD6E24661FDD006DF2D9 /* Data+Extensions.swift in Sources */ = {isa = PBXBuildFile; fileRef = B27409C82443E45B00E567E7 /* Data+Extensions.swift */; };
		B2C8FD6F24661FDD006DF2D9 /* NSString+IDNA.swift in Sources */ = {isa = PBXBuildFile; fileRef = B265ED10244B94E50038CB55 /* NSString+IDNA.swift */; };
		B2C8FD7124662094006DF2D9 /* uts46 in Resources */ = {isa = PBXBuildFile; fileRef = B2AF21082431376E009F5EE7 /* uts46 */; };
		B2C8FD7324663ECC006DF2D9 /* UTS46+Conversion.swift in Sources */ = {isa = PBXBuildFile; fileRef = B2C8FD7224663ECC006DF2D9 /* UTS46+Conversion.swift */; };
		B2C8FD7624663F5B006DF2D9 /* UTS46+Loading.swift in Sources */ = {isa = PBXBuildFile; fileRef = B2C8FD7424663F55006DF2D9 /* UTS46+Loading.swift */; };
		B2C8FD7724663FB8006DF2D9 /* UTS46+Loading.swift in Sources */ = {isa = PBXBuildFile; fileRef = B2C8FD7424663F55006DF2D9 /* UTS46+Loading.swift */; };
		B2CF9C6B2430728800A23B4E /* ArgumentParser in Frameworks */ = {isa = PBXBuildFile; productRef = B2CF9C6A2430728800A23B4E /* ArgumentParser */; };
		B2D4B71C2425903000B72AC6 /* libicucore.tbd in Frameworks */ = {isa = PBXBuildFile; fileRef = B2D4B71B2425903000B72AC6 /* libicucore.tbd */; settings = {ATTRIBUTES = (Weak, ); }; };
		B2D4E99808E0191700574ACD /* MainMenu.xib in Resources */ = {isa = PBXBuildFile; fileRef = 29B97318FDCFA39411CA2CEA /* MainMenu.xib */; };
		B2D4E99908E0191700574ACD /* InfoPlist.strings in Resources */ = {isa = PBXBuildFile; fileRef = 089C165CFE840E0CC02AAC07 /* InfoPlist.strings */; };
		B2D4E99B08E0191700574ACD /* main.m in Sources */ = {isa = PBXBuildFile; fileRef = 29B97316FDCFA39411CA2CEA /* main.m */; settings = {ATTRIBUTES = (); }; };
		B2D4E99F08E0191700574ACD /* Cocoa.framework in Frameworks */ = {isa = PBXBuildFile; fileRef = 1058C7A1FEA54F0111CA2CBB /* Cocoa.framework */; };
		B30134631A964E2600AF6C4E /* LICENSE in Resources */ = {isa = PBXBuildFile; fileRef = B30134611A964E2600AF6C4E /* LICENSE */; };
/* End PBXBuildFile section */

/* Begin PBXBuildRule section */
		B2D4E9A108E0191800574ACD /* PBXBuildRule */ = {
			isa = PBXBuildRule;
			compilerSpec = com.apple.compilers.gcc;
			fileType = sourcecode.c;
			inputFiles = (
			);
			isEditable = 1;
			outputFiles = (
			);
			script = "";
		};
/* End PBXBuildRule section */

/* Begin PBXContainerItemProxy section */
		B2C8FD6324661FC2006DF2D9 /* PBXContainerItemProxy */ = {
			isa = PBXContainerItemProxy;
			containerPortal = 29B97313FDCFA39411CA2CEA /* Project object */;
			proxyType = 1;
			remoteGlobalIDString = B2C8FD5D24661FC2006DF2D9;
			remoteInfo = PunycodeCocoa;
		};
		B2D14AF02435801000F324B6 /* PBXContainerItemProxy */ = {
			isa = PBXContainerItemProxy;
			containerPortal = 29B97313FDCFA39411CA2CEA /* Project object */;
			proxyType = 1;
			remoteGlobalIDString = B2C3DD41241FECF200484850;
			remoteInfo = "PunyCocoa Swift";
		};
/* End PBXContainerItemProxy section */

/* Begin PBXCopyFilesBuildPhase section */
		B2B4F3CB242EB79E00CC752F /* CopyFiles */ = {
			isa = PBXCopyFilesBuildPhase;
			buildActionMask = 2147483647;
			dstPath = /usr/share/man/man1/;
			dstSubfolderSpec = 0;
			files = (
			);
			runOnlyForDeploymentPostprocessing = 1;
		};
		B2C8FD6724661FC2006DF2D9 /* Embed Frameworks */ = {
			isa = PBXCopyFilesBuildPhase;
			buildActionMask = 2147483647;
			dstPath = "";
			dstSubfolderSpec = 10;
			files = (
				B2C8FD6624661FC2006DF2D9 /* IDNACocoa.framework in Embed Frameworks */,
			);
			name = "Embed Frameworks";
			runOnlyForDeploymentPostprocessing = 0;
		};
/* End PBXCopyFilesBuildPhase section */

/* Begin PBXFileReference section */
		1058C7A1FEA54F0111CA2CBB /* Cocoa.framework */ = {isa = PBXFileReference; lastKnownFileType = wrapper.framework; name = Cocoa.framework; path = /System/Library/Frameworks/Cocoa.framework; sourceTree = "<absolute>"; };
		29B97316FDCFA39411CA2CEA /* main.m */ = {isa = PBXFileReference; fileEncoding = 30; lastKnownFileType = sourcecode.c.objc; path = main.m; sourceTree = "<group>"; };
		29B97324FDCFA39411CA2CEA /* AppKit.framework */ = {isa = PBXFileReference; lastKnownFileType = wrapper.framework; name = AppKit.framework; path = /System/Library/Frameworks/AppKit.framework; sourceTree = "<absolute>"; };
		29B97325FDCFA39411CA2CEA /* Foundation.framework */ = {isa = PBXFileReference; lastKnownFileType = wrapper.framework; name = Foundation.framework; path = /System/Library/Frameworks/Foundation.framework; sourceTree = "<absolute>"; };
		B23AAC60221511F300A450E5 /* en */ = {isa = PBXFileReference; lastKnownFileType = text.plist.strings; name = en; path = en.lproj/InfoPlist.strings; sourceTree = "<group>"; };
		B23AAC62221511FE00A450E5 /* Base */ = {isa = PBXFileReference; lastKnownFileType = file.xib; name = Base; path = Base.lproj/MainMenu.xib; sourceTree = "<group>"; };
		B23CBE6024AE05B100F98F35 /* Scanner+ConversionExtensions.swift */ = {isa = PBXFileReference; lastKnownFileType = sourcecode.swift; path = "Scanner+ConversionExtensions.swift"; sourceTree = "<group>"; };
		B24585772423206100CC75A4 /* IDNASwiftTests.xctest */ = {isa = PBXFileReference; explicitFileType = wrapper.cfbundle; includeInIndex = 0; path = IDNASwiftTests.xctest; sourceTree = BUILT_PRODUCTS_DIR; };
		B24585792423206100CC75A4 /* PunycodeSwiftTests.swift */ = {isa = PBXFileReference; lastKnownFileType = sourcecode.swift; path = PunycodeSwiftTests.swift; sourceTree = "<group>"; };
		B245857B2423206100CC75A4 /* Info.plist */ = {isa = PBXFileReference; lastKnownFileType = text.plist.xml; path = Info.plist; sourceTree = "<group>"; };
		B2552E1C22B134650015B473 /* PunyCocoaTouch.app */ = {isa = PBXFileReference; explicitFileType = wrapper.application; includeInIndex = 0; path = PunyCocoaTouch.app; sourceTree = BUILT_PRODUCTS_DIR; };
		B2552E1E22B134650015B473 /* AppDelegate.h */ = {isa = PBXFileReference; lastKnownFileType = sourcecode.c.h; path = AppDelegate.h; sourceTree = "<group>"; };
		B2552E1F22B134650015B473 /* AppDelegate.m */ = {isa = PBXFileReference; lastKnownFileType = sourcecode.c.objc; path = AppDelegate.m; sourceTree = "<group>"; };
		B2552E2122B134650015B473 /* ViewController.h */ = {isa = PBXFileReference; lastKnownFileType = sourcecode.c.h; path = ViewController.h; sourceTree = "<group>"; };
		B2552E2222B134650015B473 /* ViewController.m */ = {isa = PBXFileReference; lastKnownFileType = sourcecode.c.objc; path = ViewController.m; sourceTree = "<group>"; };
		B2552E2522B134650015B473 /* Base */ = {isa = PBXFileReference; lastKnownFileType = file.storyboard; name = Base; path = Base.lproj/Main.storyboard; sourceTree = "<group>"; };
		B2552E2722B134680015B473 /* Assets.xcassets */ = {isa = PBXFileReference; lastKnownFileType = folder.assetcatalog; path = Assets.xcassets; sourceTree = "<group>"; };
		B2552E2A22B134680015B473 /* Base */ = {isa = PBXFileReference; lastKnownFileType = file.storyboard; name = Base; path = Base.lproj/LaunchScreen.storyboard; sourceTree = "<group>"; };
		B2552E2C22B134680015B473 /* Info.plist */ = {isa = PBXFileReference; lastKnownFileType = text.plist.xml; path = Info.plist; sourceTree = "<group>"; };
		B2552E2D22B134680015B473 /* main.m */ = {isa = PBXFileReference; lastKnownFileType = sourcecode.c.objc; path = main.m; sourceTree = "<group>"; };
		B2552E3422B13CBC0015B473 /* Controller.m */ = {isa = PBXFileReference; fileEncoding = 4; lastKnownFileType = sourcecode.c.objc; path = Controller.m; sourceTree = "<group>"; };
		B25753821F3CE9A9002606DD /* WebKit.framework */ = {isa = PBXFileReference; lastKnownFileType = wrapper.framework; name = WebKit.framework; path = System/Library/Frameworks/WebKit.framework; sourceTree = SDKROOT; };
		B25AEA6C244D8CEC0009E982 /* Scanner+Extensions.swift */ = {isa = PBXFileReference; lastKnownFileType = sourcecode.swift; path = "Scanner+Extensions.swift"; sourceTree = "<group>"; };
		B265ED10244B94E50038CB55 /* NSString+IDNA.swift */ = {isa = PBXFileReference; lastKnownFileType = sourcecode.swift; path = "NSString+IDNA.swift"; sourceTree = "<group>"; };
		B26FA03C2055425C00CD6AF1 /* libicucore.tbd */ = {isa = PBXFileReference; lastKnownFileType = "sourcecode.text-based-dylib-definition"; name = libicucore.tbd; path = usr/lib/libicucore.tbd; sourceTree = SDKROOT; };
		B27409C82443E45B00E567E7 /* Data+Extensions.swift */ = {isa = PBXFileReference; lastKnownFileType = sourcecode.swift; path = "Data+Extensions.swift"; sourceTree = "<group>"; };
		B285065824B0426100D38235 /* PunyCocoaTouch.entitlements */ = {isa = PBXFileReference; lastKnownFileType = text.plist.entitlements; path = PunyCocoaTouch.entitlements; sourceTree = "<group>"; };
		B299C5B12464CD1F001F811B /* uts46-file-format.md */ = {isa = PBXFileReference; lastKnownFileType = net.daringfireball.markdown; path = "uts46-file-format.md"; sourceTree = "<group>"; };
		B2A4B160246A146E00ED32EB /* IDNACocoaTouch.framework */ = {isa = PBXFileReference; explicitFileType = wrapper.framework; includeInIndex = 0; path = IDNACocoaTouch.framework; sourceTree = BUILT_PRODUCTS_DIR; };
		B2A4B162246A146E00ED32EB /* PunycodeCocoaTouch.h */ = {isa = PBXFileReference; lastKnownFileType = sourcecode.c.h; path = PunycodeCocoaTouch.h; sourceTree = "<group>"; };
		B2A4B163246A146E00ED32EB /* Info.plist */ = {isa = PBXFileReference; lastKnownFileType = text.plist.xml; path = Info.plist; sourceTree = "<group>"; };
		B2AF210624313283009F5EE7 /* UTS46.swift */ = {isa = PBXFileReference; lastKnownFileType = sourcecode.swift; path = UTS46.swift; sourceTree = "<group>"; };
		B2AF21082431376E009F5EE7 /* uts46 */ = {isa = PBXFileReference; lastKnownFileType = file; path = uts46; sourceTree = "<group>"; };
		B2B4F3CD242EB79E00CC752F /* icumap2code */ = {isa = PBXFileReference; explicitFileType = "compiled.mach-o.executable"; includeInIndex = 0; path = icumap2code; sourceTree = BUILT_PRODUCTS_DIR; };
		B2B4F3CF242EB79E00CC752F /* main.swift */ = {isa = PBXFileReference; lastKnownFileType = sourcecode.swift; path = main.swift; sourceTree = "<group>"; };
		B2C3DCC1241FE95B00484850 /* String+IDNA.swift */ = {isa = PBXFileReference; lastKnownFileType = sourcecode.swift; path = "String+IDNA.swift"; sourceTree = "<group>"; };
		B2C3DD42241FECF200484850 /* PunyCocoa Swift.app */ = {isa = PBXFileReference; explicitFileType = wrapper.application; includeInIndex = 0; path = "PunyCocoa Swift.app"; sourceTree = BUILT_PRODUCTS_DIR; };
		B2C3DD44241FECF200484850 /* AppDelegate.swift */ = {isa = PBXFileReference; lastKnownFileType = sourcecode.swift; path = AppDelegate.swift; sourceTree = "<group>"; };
		B2C3DD46241FECF400484850 /* Assets.xcassets */ = {isa = PBXFileReference; lastKnownFileType = folder.assetcatalog; path = Assets.xcassets; sourceTree = "<group>"; };
		B2C3DD4B241FECF400484850 /* Info.plist */ = {isa = PBXFileReference; lastKnownFileType = text.plist.xml; path = Info.plist; sourceTree = "<group>"; };
		B2C3DD4C241FECF400484850 /* PunyCocoa_Swift.entitlements */ = {isa = PBXFileReference; lastKnownFileType = text.plist.entitlements; path = PunyCocoa_Swift.entitlements; sourceTree = "<group>"; };
		B2C3DD52241FEDC800484850 /* MainMenu.xib */ = {isa = PBXFileReference; fileEncoding = 4; lastKnownFileType = file.xib; path = MainMenu.xib; sourceTree = "<group>"; };
		B2C3DD54241FEDF900484850 /* Controller.swift */ = {isa = PBXFileReference; lastKnownFileType = sourcecode.swift; path = Controller.swift; sourceTree = "<group>"; };
		B2C8FD5E24661FC2006DF2D9 /* IDNACocoa.framework */ = {isa = PBXFileReference; explicitFileType = wrapper.framework; includeInIndex = 0; path = IDNACocoa.framework; sourceTree = BUILT_PRODUCTS_DIR; };
		B2C8FD6024661FC2006DF2D9 /* PunycodeCocoa.h */ = {isa = PBXFileReference; lastKnownFileType = sourcecode.c.h; path = PunycodeCocoa.h; sourceTree = "<group>"; };
		B2C8FD6124661FC2006DF2D9 /* Info.plist */ = {isa = PBXFileReference; lastKnownFileType = text.plist.xml; path = Info.plist; sourceTree = "<group>"; };
		B2C8FD7224663ECC006DF2D9 /* UTS46+Conversion.swift */ = {isa = PBXFileReference; lastKnownFileType = sourcecode.swift; path = "UTS46+Conversion.swift"; sourceTree = "<group>"; };
		B2C8FD7424663F55006DF2D9 /* UTS46+Loading.swift */ = {isa = PBXFileReference; lastKnownFileType = sourcecode.swift; path = "UTS46+Loading.swift"; sourceTree = "<group>"; };
		B2CB4DCF07B158A600B4C504 /* Controller.h */ = {isa = PBXFileReference; fileEncoding = 4; lastKnownFileType = sourcecode.c.h; path = Controller.h; sourceTree = "<group>"; };
		B2D4B71B2425903000B72AC6 /* libicucore.tbd */ = {isa = PBXFileReference; lastKnownFileType = "sourcecode.text-based-dylib-definition"; name = libicucore.tbd; path = Platforms/iPhoneOS.platform/Developer/SDKs/iPhoneOS13.2.sdk/usr/lib/libicucore.tbd; sourceTree = DEVELOPER_DIR; };
		B2D4E9A008E0191700574ACD /* Info.plist */ = {isa = PBXFileReference; lastKnownFileType = text.plist.xml; name = Info.plist; path = "Mac (ObjC)/Info.plist"; sourceTree = "<group>"; };
		B2D4E9A208E0191800574ACD /* PunyCocoa ObjC.app */ = {isa = PBXFileReference; explicitFileType = wrapper.application; includeInIndex = 0; path = "PunyCocoa ObjC.app"; sourceTree = BUILT_PRODUCTS_DIR; };
		B2D853C9244E42ED004B697E /* CharacterSet+Extensions.swift */ = {isa = PBXFileReference; lastKnownFileType = sourcecode.swift; path = "CharacterSet+Extensions.swift"; sourceTree = "<group>"; };
		B30134611A964E2600AF6C4E /* LICENSE */ = {isa = PBXFileReference; fileEncoding = 4; lastKnownFileType = text; path = LICENSE; sourceTree = "<group>"; };
		B30134621A964E2600AF6C4E /* README.md */ = {isa = PBXFileReference; fileEncoding = 4; lastKnownFileType = net.daringfireball.markdown; path = README.md; sourceTree = "<group>"; };
/* End PBXFileReference section */

/* Begin PBXFrameworksBuildPhase section */
		B24585742423206100CC75A4 /* Frameworks */ = {
			isa = PBXFrameworksBuildPhase;
			buildActionMask = 2147483647;
			files = (
			);
			runOnlyForDeploymentPostprocessing = 0;
		};
		B2552E1922B134650015B473 /* Frameworks */ = {
			isa = PBXFrameworksBuildPhase;
			buildActionMask = 2147483647;
			files = (
				B2D4B71C2425903000B72AC6 /* libicucore.tbd in Frameworks */,
			);
			runOnlyForDeploymentPostprocessing = 0;
		};
		B2A4B15D246A146E00ED32EB /* Frameworks */ = {
			isa = PBXFrameworksBuildPhase;
			buildActionMask = 2147483647;
			files = (
			);
			runOnlyForDeploymentPostprocessing = 0;
		};
		B2B4F3CA242EB79E00CC752F /* Frameworks */ = {
			isa = PBXFrameworksBuildPhase;
			buildActionMask = 2147483647;
			files = (
				B2CF9C6B2430728800A23B4E /* ArgumentParser in Frameworks */,
			);
			runOnlyForDeploymentPostprocessing = 0;
		};
		B2C3DD3F241FECF200484850 /* Frameworks */ = {
			isa = PBXFrameworksBuildPhase;
			buildActionMask = 2147483647;
			files = (
			);
			runOnlyForDeploymentPostprocessing = 0;
		};
		B2C8FD5B24661FC2006DF2D9 /* Frameworks */ = {
			isa = PBXFrameworksBuildPhase;
			buildActionMask = 2147483647;
			files = (
			);
			runOnlyForDeploymentPostprocessing = 0;
		};
		B2D4E99E08E0191700574ACD /* Frameworks */ = {
			isa = PBXFrameworksBuildPhase;
			buildActionMask = 2147483647;
			files = (
				B26FA03D2055425C00CD6AF1 /* libicucore.tbd in Frameworks */,
				B25753831F3CE9A9002606DD /* WebKit.framework in Frameworks */,
				B2D4E99F08E0191700574ACD /* Cocoa.framework in Frameworks */,
				B2C8FD6524661FC2006DF2D9 /* IDNACocoa.framework in Frameworks */,
			);
			runOnlyForDeploymentPostprocessing = 0;
		};
/* End PBXFrameworksBuildPhase section */

/* Begin PBXGroup section */
		1058C7A0FEA54F0111CA2CBB /* Linked Frameworks */ = {
			isa = PBXGroup;
			children = (
				B26FA03C2055425C00CD6AF1 /* libicucore.tbd */,
				B25753821F3CE9A9002606DD /* WebKit.framework */,
				1058C7A1FEA54F0111CA2CBB /* Cocoa.framework */,
			);
			name = "Linked Frameworks";
			sourceTree = "<group>";
		};
		1058C7A2FEA54F0111CA2CBB /* Other Frameworks */ = {
			isa = PBXGroup;
			children = (
				29B97325FDCFA39411CA2CEA /* Foundation.framework */,
				29B97324FDCFA39411CA2CEA /* AppKit.framework */,
			);
			name = "Other Frameworks";
			sourceTree = "<group>";
		};
		19C28FACFE9D520D11CA2CBB /* Products */ = {
			isa = PBXGroup;
			children = (
				B2D4E9A208E0191800574ACD /* PunyCocoa ObjC.app */,
				B2552E1C22B134650015B473 /* PunyCocoaTouch.app */,
				B2C3DD42241FECF200484850 /* PunyCocoa Swift.app */,
				B24585772423206100CC75A4 /* IDNASwiftTests.xctest */,
				B2B4F3CD242EB79E00CC752F /* icumap2code */,
				B2C8FD5E24661FC2006DF2D9 /* IDNACocoa.framework */,
				B2A4B160246A146E00ED32EB /* IDNACocoaTouch.framework */,
			);
			name = Products;
			sourceTree = "<group>";
		};
		29B97314FDCFA39411CA2CEA /* Punycode */ = {
			isa = PBXGroup;
			children = (
				B30134611A964E2600AF6C4E /* LICENSE */,
				B30134621A964E2600AF6C4E /* README.md */,
				B29EC659228102AE00478825 /* Sources */,
				B299C5B12464CD1F001F811B /* uts46-file-format.md */,
				B2C3DCC0241FE94400484850 /* Swift */,
				B2B4F3CE242EB79E00CC752F /* icumap2code */,
				B29EC65B228102E300478825 /* Mac (ObjC) */,
				B2C3DD43241FECF200484850 /* Mac (Swift) */,
				B2552E1D22B134650015B473 /* iOS */,
				B24585782423206100CC75A4 /* PunycodeSwiftTests */,
				B2C8FD5F24661FC2006DF2D9 /* PunycodeCocoa */,
				B2A4B161246A146E00ED32EB /* PunycodeCocoaTouch */,
				29B97323FDCFA39411CA2CEA /* Frameworks */,
				19C28FACFE9D520D11CA2CBB /* Products */,
			);
			name = Punycode;
			sourceTree = "<group>";
		};
		29B97317FDCFA39411CA2CEA /* Resources */ = {
			isa = PBXGroup;
			children = (
				B2D4E9A008E0191700574ACD /* Info.plist */,
				29B97318FDCFA39411CA2CEA /* MainMenu.xib */,
				089C165CFE840E0CC02AAC07 /* InfoPlist.strings */,
			);
			name = Resources;
			path = ..;
			sourceTree = "<group>";
		};
		29B97323FDCFA39411CA2CEA /* Frameworks */ = {
			isa = PBXGroup;
			children = (
				B2D4B71B2425903000B72AC6 /* libicucore.tbd */,
				1058C7A0FEA54F0111CA2CBB /* Linked Frameworks */,
				1058C7A2FEA54F0111CA2CBB /* Other Frameworks */,
			);
			name = Frameworks;
			sourceTree = "<group>";
		};
		B20A76EE256C2A9C00454E7C /* IDNA */ = {
			isa = PBXGroup;
			children = (
				B2C3DCC1241FE95B00484850 /* String+IDNA.swift */,
				B2AF21082431376E009F5EE7 /* uts46 */,
				B27409C82443E45B00E567E7 /* Data+Extensions.swift */,
				B25AEA6C244D8CEC0009E982 /* Scanner+Extensions.swift */,
				B2AF210624313283009F5EE7 /* UTS46.swift */,
				B2C8FD7424663F55006DF2D9 /* UTS46+Loading.swift */,
			);
			path = IDNA;
			sourceTree = "<group>";
		};
		B24585782423206100CC75A4 /* PunycodeSwiftTests */ = {
			isa = PBXGroup;
			children = (
				B24585792423206100CC75A4 /* PunycodeSwiftTests.swift */,
				B245857B2423206100CC75A4 /* Info.plist */,
			);
			path = PunycodeSwiftTests;
			sourceTree = "<group>";
		};
		B2552E1D22B134650015B473 /* iOS */ = {
			isa = PBXGroup;
			children = (
				B2552E1E22B134650015B473 /* AppDelegate.h */,
				B2552E1F22B134650015B473 /* AppDelegate.m */,
				B2552E2122B134650015B473 /* ViewController.h */,
				B2552E2222B134650015B473 /* ViewController.m */,
				B2552E2422B134650015B473 /* Main.storyboard */,
				B2552E2722B134680015B473 /* Assets.xcassets */,
				B2552E2922B134680015B473 /* LaunchScreen.storyboard */,
				B2552E2C22B134680015B473 /* Info.plist */,
				B2552E2D22B134680015B473 /* main.m */,
				B285065824B0426100D38235 /* PunyCocoaTouch.entitlements */,
			);
			path = iOS;
			sourceTree = "<group>";
		};
		B29EC659228102AE00478825 /* Sources */ = {
			isa = PBXGroup;
			children = (
				B20A76EE256C2A9C00454E7C /* IDNA */,
			);
			path = Sources;
			sourceTree = "<group>";
		};
		B29EC65B228102E300478825 /* Mac (ObjC) */ = {
			isa = PBXGroup;
			children = (
				29B97316FDCFA39411CA2CEA /* main.m */,
				B2CB4DCF07B158A600B4C504 /* Controller.h */,
				B2552E3422B13CBC0015B473 /* Controller.m */,
				29B97317FDCFA39411CA2CEA /* Resources */,
			);
			path = "Mac (ObjC)";
			sourceTree = "<group>";
		};
		B2A4B161246A146E00ED32EB /* PunycodeCocoaTouch */ = {
			isa = PBXGroup;
			children = (
				B2A4B162246A146E00ED32EB /* PunycodeCocoaTouch.h */,
				B2A4B163246A146E00ED32EB /* Info.plist */,
			);
			path = PunycodeCocoaTouch;
			sourceTree = "<group>";
		};
		B2B4F3CE242EB79E00CC752F /* icumap2code */ = {
			isa = PBXGroup;
			children = (
				B2B4F3CF242EB79E00CC752F /* main.swift */,
			);
			path = icumap2code;
			sourceTree = "<group>";
		};
		B2C3DCC0241FE94400484850 /* Swift */ = {
			isa = PBXGroup;
			children = (
				B2D853C9244E42ED004B697E /* CharacterSet+Extensions.swift */,
				B265ED10244B94E50038CB55 /* NSString+IDNA.swift */,
				B23CBE6024AE05B100F98F35 /* Scanner+ConversionExtensions.swift */,
				B2C8FD7224663ECC006DF2D9 /* UTS46+Conversion.swift */,
			);
			path = Swift;
			sourceTree = "<group>";
		};
		B2C3DD43241FECF200484850 /* Mac (Swift) */ = {
			isa = PBXGroup;
			children = (
				B2C3DD44241FECF200484850 /* AppDelegate.swift */,
				B2C3DD46241FECF400484850 /* Assets.xcassets */,
				B2C3DD52241FEDC800484850 /* MainMenu.xib */,
				B2C3DD4B241FECF400484850 /* Info.plist */,
				B2C3DD4C241FECF400484850 /* PunyCocoa_Swift.entitlements */,
				B2C3DD54241FEDF900484850 /* Controller.swift */,
			);
			path = "Mac (Swift)";
			sourceTree = "<group>";
		};
		B2C8FD5F24661FC2006DF2D9 /* PunycodeCocoa */ = {
			isa = PBXGroup;
			children = (
				B2C8FD6024661FC2006DF2D9 /* PunycodeCocoa.h */,
				B2C8FD6124661FC2006DF2D9 /* Info.plist */,
			);
			path = PunycodeCocoa;
			sourceTree = "<group>";
		};
/* End PBXGroup section */

/* Begin PBXHeadersBuildPhase section */
		B2A4B15B246A146E00ED32EB /* Headers */ = {
			isa = PBXHeadersBuildPhase;
			buildActionMask = 2147483647;
			files = (
				B2A4B164246A146E00ED32EB /* PunycodeCocoaTouch.h in Headers */,
			);
			runOnlyForDeploymentPostprocessing = 0;
		};
		B2C8FD5924661FC2006DF2D9 /* Headers */ = {
			isa = PBXHeadersBuildPhase;
			buildActionMask = 2147483647;
			files = (
				B2C8FD6224661FC2006DF2D9 /* PunycodeCocoa.h in Headers */,
			);
			runOnlyForDeploymentPostprocessing = 0;
		};
/* End PBXHeadersBuildPhase section */

/* Begin PBXNativeTarget section */
		B24585762423206100CC75A4 /* IDNASwiftTests */ = {
			isa = PBXNativeTarget;
			buildConfigurationList = B245857C2423206100CC75A4 /* Build configuration list for PBXNativeTarget "IDNASwiftTests" */;
			buildPhases = (
				B24585732423206100CC75A4 /* Sources */,
				B24585742423206100CC75A4 /* Frameworks */,
				B24585752423206100CC75A4 /* Resources */,
			);
			buildRules = (
			);
			dependencies = (
				B2D14AF12435801000F324B6 /* PBXTargetDependency */,
			);
			name = IDNASwiftTests;
			productName = PunycodeSwiftTests;
			productReference = B24585772423206100CC75A4 /* IDNASwiftTests.xctest */;
			productType = "com.apple.product-type.bundle.unit-test";
		};
		B2552E1B22B134650015B473 /* PunyCocoaTouch */ = {
			isa = PBXNativeTarget;
			buildConfigurationList = B2552E3122B134680015B473 /* Build configuration list for PBXNativeTarget "PunyCocoaTouch" */;
			buildPhases = (
				B2552E1822B134650015B473 /* Sources */,
				B2552E1922B134650015B473 /* Frameworks */,
				B2552E1A22B134650015B473 /* Resources */,
			);
			buildRules = (
			);
			dependencies = (
			);
			name = PunyCocoaTouch;
			productName = PunyCocoaTouch;
			productReference = B2552E1C22B134650015B473 /* PunyCocoaTouch.app */;
			productType = "com.apple.product-type.application";
		};
		B2A4B15F246A146E00ED32EB /* IDNACocoaTouch */ = {
			isa = PBXNativeTarget;
			buildConfigurationList = B2A4B167246A146E00ED32EB /* Build configuration list for PBXNativeTarget "IDNACocoaTouch" */;
			buildPhases = (
				B2A4B15B246A146E00ED32EB /* Headers */,
				B2A4B15C246A146E00ED32EB /* Sources */,
				B2A4B15D246A146E00ED32EB /* Frameworks */,
				B2A4B15E246A146E00ED32EB /* Resources */,
			);
			buildRules = (
			);
			dependencies = (
			);
			name = IDNACocoaTouch;
			productName = PunycodeCocoaTouch;
			productReference = B2A4B160246A146E00ED32EB /* IDNACocoaTouch.framework */;
			productType = "com.apple.product-type.framework";
		};
		B2B4F3CC242EB79E00CC752F /* icumap2code */ = {
			isa = PBXNativeTarget;
			buildConfigurationList = B2B4F3D3242EB79E00CC752F /* Build configuration list for PBXNativeTarget "icumap2code" */;
			buildPhases = (
				B2B4F3C9242EB79E00CC752F /* Sources */,
				B2B4F3CA242EB79E00CC752F /* Frameworks */,
				B2B4F3CB242EB79E00CC752F /* CopyFiles */,
			);
			buildRules = (
			);
			dependencies = (
			);
			name = icumap2code;
			packageProductDependencies = (
				B2CF9C6A2430728800A23B4E /* ArgumentParser */,
			);
			productName = icumap2code;
			productReference = B2B4F3CD242EB79E00CC752F /* icumap2code */;
			productType = "com.apple.product-type.tool";
		};
		B2C3DD41241FECF200484850 /* PunyCocoa Swift */ = {
			isa = PBXNativeTarget;
			buildConfigurationList = B2C3DD4D241FECF400484850 /* Build configuration list for PBXNativeTarget "PunyCocoa Swift" */;
			buildPhases = (
				B2C3DD3E241FECF200484850 /* Sources */,
				B2C3DD3F241FECF200484850 /* Frameworks */,
				B2C3DD40241FECF200484850 /* Resources */,
			);
			buildRules = (
			);
			dependencies = (
			);
			name = "PunyCocoa Swift";
			productName = "PunyCocoa Swift";
			productReference = B2C3DD42241FECF200484850 /* PunyCocoa Swift.app */;
			productType = "com.apple.product-type.application";
		};
		B2C8FD5D24661FC2006DF2D9 /* IDNACocoa */ = {
			isa = PBXNativeTarget;
			buildConfigurationList = B2C8FD6A24661FC2006DF2D9 /* Build configuration list for PBXNativeTarget "IDNACocoa" */;
			buildPhases = (
				B2C8FD5924661FC2006DF2D9 /* Headers */,
				B2C8FD5A24661FC2006DF2D9 /* Sources */,
				B2C8FD5B24661FC2006DF2D9 /* Frameworks */,
				B2C8FD5C24661FC2006DF2D9 /* Resources */,
			);
			buildRules = (
			);
			dependencies = (
			);
			name = IDNACocoa;
			productName = PunycodeCocoa;
			productReference = B2C8FD5E24661FC2006DF2D9 /* IDNACocoa.framework */;
			productType = "com.apple.product-type.framework";
		};
		B2D4E99208E0191700574ACD /* PunyCocoa ObjC */ = {
			isa = PBXNativeTarget;
			buildConfigurationList = B2B33EA80A9B4534002D5B27 /* Build configuration list for PBXNativeTarget "PunyCocoa ObjC" */;
			buildPhases = (
				B2D4E99708E0191700574ACD /* Resources */,
				B2D4E99A08E0191700574ACD /* Sources */,
				B2D4E99E08E0191700574ACD /* Frameworks */,
				B2C8FD6724661FC2006DF2D9 /* Embed Frameworks */,
			);
			buildRules = (
				B2D4E9A108E0191800574ACD /* PBXBuildRule */,
			);
			dependencies = (
				B2C8FD6424661FC2006DF2D9 /* PBXTargetDependency */,
			);
			name = "PunyCocoa ObjC";
			productInstallPath = "$(HOME)/Applications";
			productName = Punycode;
			productReference = B2D4E9A208E0191800574ACD /* PunyCocoa ObjC.app */;
			productType = "com.apple.product-type.application";
		};
/* End PBXNativeTarget section */

/* Begin PBXProject section */
		29B97313FDCFA39411CA2CEA /* Project object */ = {
			isa = PBXProject;
			attributes = {
				LastSwiftUpdateCheck = 1140;
				LastTestingUpgradeCheck = 0610;
				LastUpgradeCheck = 1200;
				TargetAttributes = {
					B24585762423206100CC75A4 = {
						CreatedOnToolsVersion = 11.3.1;
						ProvisioningStyle = Automatic;
						TestTargetID = B2C3DD41241FECF200484850;
					};
					B2552E1B22B134650015B473 = {
						CreatedOnToolsVersion = 10.2.1;
						DevelopmentTeam = M72QZ9W58G;
						ProvisioningStyle = Automatic;
					};
					B2A4B15F246A146E00ED32EB = {
						CreatedOnToolsVersion = 11.4.1;
					};
					B2B4F3CC242EB79E00CC752F = {
						CreatedOnToolsVersion = 11.4;
						DevelopmentTeam = M72QZ9W58G;
						ProvisioningStyle = Automatic;
					};
					B2C3DD41241FECF200484850 = {
						CreatedOnToolsVersion = 11.3.1;
						ProvisioningStyle = Automatic;
					};
					B2C8FD5D24661FC2006DF2D9 = {
						CreatedOnToolsVersion = 11.4.1;
					};
					B2D4E99208E0191700574ACD = {
						DevelopmentTeam = M72QZ9W58G;
						ProvisioningStyle = Automatic;
					};
				};
			};
			buildConfigurationList = B2B33EAC0A9B4534002D5B27 /* Build configuration list for PBXProject "IDNA" */;
			compatibilityVersion = "Xcode 11.4";
			developmentRegion = en;
			hasScannedForEncodings = 1;
			knownRegions = (
				en,
				Base,
			);
			mainGroup = 29B97314FDCFA39411CA2CEA /* Punycode */;
			packageReferences = (
				B2CF9C692430728800A23B4E /* XCRemoteSwiftPackageReference "swift-argument-parser" */,
			);
			projectDirPath = "";
			projectRoot = "";
			targets = (
				B2C3DD41241FECF200484850 /* PunyCocoa Swift */,
				B2D4E99208E0191700574ACD /* PunyCocoa ObjC */,
				B2552E1B22B134650015B473 /* PunyCocoaTouch */,
				B2C8FD5D24661FC2006DF2D9 /* IDNACocoa */,
				B2A4B15F246A146E00ED32EB /* IDNACocoaTouch */,
				B24585762423206100CC75A4 /* IDNASwiftTests */,
				B2B4F3CC242EB79E00CC752F /* icumap2code */,
			);
		};
/* End PBXProject section */

/* Begin PBXResourcesBuildPhase section */
		B24585752423206100CC75A4 /* Resources */ = {
			isa = PBXResourcesBuildPhase;
			buildActionMask = 2147483647;
			files = (
			);
			runOnlyForDeploymentPostprocessing = 0;
		};
		B2552E1A22B134650015B473 /* Resources */ = {
			isa = PBXResourcesBuildPhase;
			buildActionMask = 2147483647;
			files = (
				B2552E2B22B134680015B473 /* LaunchScreen.storyboard in Resources */,
				B2552E2822B134680015B473 /* Assets.xcassets in Resources */,
				B2552E2622B134650015B473 /* Main.storyboard in Resources */,
				B285065724B0418A00D38235 /* uts46 in Resources */,
			);
			runOnlyForDeploymentPostprocessing = 0;
		};
		B2A4B15E246A146E00ED32EB /* Resources */ = {
			isa = PBXResourcesBuildPhase;
			buildActionMask = 2147483647;
			files = (
			);
			runOnlyForDeploymentPostprocessing = 0;
		};
		B2C3DD40241FECF200484850 /* Resources */ = {
			isa = PBXResourcesBuildPhase;
			buildActionMask = 2147483647;
			files = (
				B2C3DD47241FECF400484850 /* Assets.xcassets in Resources */,
				B2C3DD56241FEE5A00484850 /* MainMenu.xib in Resources */,
				B2AF21092431376E009F5EE7 /* uts46 in Resources */,
			);
			runOnlyForDeploymentPostprocessing = 0;
		};
		B2C8FD5C24661FC2006DF2D9 /* Resources */ = {
			isa = PBXResourcesBuildPhase;
			buildActionMask = 2147483647;
			files = (
				B2C8FD7124662094006DF2D9 /* uts46 in Resources */,
			);
			runOnlyForDeploymentPostprocessing = 0;
		};
		B2D4E99708E0191700574ACD /* Resources */ = {
			isa = PBXResourcesBuildPhase;
			buildActionMask = 2147483647;
			files = (
				B2D4E99808E0191700574ACD /* MainMenu.xib in Resources */,
				B2D4E99908E0191700574ACD /* InfoPlist.strings in Resources */,
				B30134631A964E2600AF6C4E /* LICENSE in Resources */,
				B285064F24AF9B5C00D38235 /* uts46 in Resources */,
			);
			runOnlyForDeploymentPostprocessing = 0;
		};
/* End PBXResourcesBuildPhase section */

/* Begin PBXSourcesBuildPhase section */
		B24585732423206100CC75A4 /* Sources */ = {
			isa = PBXSourcesBuildPhase;
			buildActionMask = 2147483647;
			files = (
				B2BAC3D52468C5090014124A /* CharacterSet+Extensions.swift in Sources */,
				B245857A2423206100CC75A4 /* PunycodeSwiftTests.swift in Sources */,
			);
			runOnlyForDeploymentPostprocessing = 0;
		};
		B2552E1822B134650015B473 /* Sources */ = {
			isa = PBXSourcesBuildPhase;
			buildActionMask = 2147483647;
			files = (
				B2552E2322B134650015B473 /* ViewController.m in Sources */,
				B285065524B0415800D38235 /* String+IDNA.swift in Sources */,
				B285065324B0415200D38235 /* NSString+IDNA.swift in Sources */,
				B285065024B0414900D38235 /* UTS46+Loading.swift in Sources */,
				B285065624B0415A00D38235 /* UTS46.swift in Sources */,
				B2552E2E22B134680015B473 /* main.m in Sources */,
				B2552E2022B134650015B473 /* AppDelegate.m in Sources */,
				B285065224B0414E00D38235 /* Data+Extensions.swift in Sources */,
				B285065424B0415600D38235 /* Scanner+Extensions.swift in Sources */,
			);
			runOnlyForDeploymentPostprocessing = 0;
		};
		B2A4B15C246A146E00ED32EB /* Sources */ = {
			isa = PBXSourcesBuildPhase;
			buildActionMask = 2147483647;
			files = (
				B2A4B169246A14EB00ED32EB /* Scanner+Extensions.swift in Sources */,
				B2A4B16D246A14EB00ED32EB /* NSString+IDNA.swift in Sources */,
				B2A4B16B246A14EB00ED32EB /* UTS46+Loading.swift in Sources */,
				B2A4B16A246A14EB00ED32EB /* UTS46.swift in Sources */,
				B2A4B16C246A14EB00ED32EB /* Data+Extensions.swift in Sources */,
			);
			runOnlyForDeploymentPostprocessing = 0;
		};
		B2B4F3C9242EB79E00CC752F /* Sources */ = {
			isa = PBXSourcesBuildPhase;
			buildActionMask = 2147483647;
			files = (
				B244BE8A2460CD2800FBA17F /* CharacterSet+Extensions.swift in Sources */,
				B244BE8B2460CD2A00FBA17F /* Scanner+Extensions.swift in Sources */,
				B2C8FD7324663ECC006DF2D9 /* UTS46+Conversion.swift in Sources */,
				B2B4F3D0242EB79E00CC752F /* main.swift in Sources */,
				B244BE892460CCE800FBA17F /* UTS46.swift in Sources */,
				B27409CA2443F66900E567E7 /* Data+Extensions.swift in Sources */,
				B23CBE6224AE05C400F98F35 /* Scanner+ConversionExtensions.swift in Sources */,
			);
			runOnlyForDeploymentPostprocessing = 0;
		};
		B2C3DD3E241FECF200484850 /* Sources */ = {
			isa = PBXSourcesBuildPhase;
			buildActionMask = 2147483647;
			files = (
				B2BAC3D42468BF800014124A /* Scanner+Extensions.swift in Sources */,
				B2AF210724313283009F5EE7 /* UTS46.swift in Sources */,
				B24AAF0E24363D0C003DD346 /* String+IDNA.swift in Sources */,
				B2C3DD55241FEDF900484850 /* Controller.swift in Sources */,
				B2C8FD7624663F5B006DF2D9 /* UTS46+Loading.swift in Sources */,
				B2C3DD45241FECF200484850 /* AppDelegate.swift in Sources */,
				B27409C92443E45B00E567E7 /* Data+Extensions.swift in Sources */,
			);
			runOnlyForDeploymentPostprocessing = 0;
		};
		B2C8FD5A24661FC2006DF2D9 /* Sources */ = {
			isa = PBXSourcesBuildPhase;
			buildActionMask = 2147483647;
			files = (
				B2C8FD6F24661FDD006DF2D9 /* NSString+IDNA.swift in Sources */,
				B2C8FD6E24661FDD006DF2D9 /* Data+Extensions.swift in Sources */,
				B2BAC3D12468BE5F0014124A /* Scanner+Extensions.swift in Sources */,
				B2C8FD6D24661FDD006DF2D9 /* UTS46.swift in Sources */,
				B2C8FD7724663FB8006DF2D9 /* UTS46+Loading.swift in Sources */,
				B2C8FD6B24661FDD006DF2D9 /* String+IDNA.swift in Sources */,
			);
			runOnlyForDeploymentPostprocessing = 0;
		};
		B2D4E99A08E0191700574ACD /* Sources */ = {
			isa = PBXSourcesBuildPhase;
			buildActionMask = 2147483647;
			files = (
				B285064A24AF93A000D38235 /* Scanner+Extensions.swift in Sources */,
				B285064B24AF93A300D38235 /* String+IDNA.swift in Sources */,
				B2D4E99B08E0191700574ACD /* main.m in Sources */,
				B285064624AF938500D38235 /* NSString+IDNA.swift in Sources */,
				B285064C24AF93A500D38235 /* UTS46.swift in Sources */,
				B285065124B0414D00D38235 /* Data+Extensions.swift in Sources */,
				B285064D24AF93A700D38235 /* UTS46+Loading.swift in Sources */,
				B2552E3522B13CBC0015B473 /* Controller.m in Sources */,
			);
			runOnlyForDeploymentPostprocessing = 0;
		};
/* End PBXSourcesBuildPhase section */

/* Begin PBXTargetDependency section */
		B2C8FD6424661FC2006DF2D9 /* PBXTargetDependency */ = {
			isa = PBXTargetDependency;
			target = B2C8FD5D24661FC2006DF2D9 /* IDNACocoa */;
			targetProxy = B2C8FD6324661FC2006DF2D9 /* PBXContainerItemProxy */;
		};
		B2D14AF12435801000F324B6 /* PBXTargetDependency */ = {
			isa = PBXTargetDependency;
			target = B2C3DD41241FECF200484850 /* PunyCocoa Swift */;
			targetProxy = B2D14AF02435801000F324B6 /* PBXContainerItemProxy */;
		};
/* End PBXTargetDependency section */

/* Begin PBXVariantGroup section */
		089C165CFE840E0CC02AAC07 /* InfoPlist.strings */ = {
			isa = PBXVariantGroup;
			children = (
				B23AAC60221511F300A450E5 /* en */,
			);
			name = InfoPlist.strings;
			path = "Mac (ObjC)";
			sourceTree = "<group>";
		};
		29B97318FDCFA39411CA2CEA /* MainMenu.xib */ = {
			isa = PBXVariantGroup;
			children = (
				B23AAC62221511FE00A450E5 /* Base */,
			);
			name = MainMenu.xib;
			path = "Mac (ObjC)";
			sourceTree = "<group>";
		};
		B2552E2422B134650015B473 /* Main.storyboard */ = {
			isa = PBXVariantGroup;
			children = (
				B2552E2522B134650015B473 /* Base */,
			);
			name = Main.storyboard;
			sourceTree = "<group>";
		};
		B2552E2922B134680015B473 /* LaunchScreen.storyboard */ = {
			isa = PBXVariantGroup;
			children = (
				B2552E2A22B134680015B473 /* Base */,
			);
			name = LaunchScreen.storyboard;
			sourceTree = "<group>";
		};
/* End PBXVariantGroup section */

/* Begin XCBuildConfiguration section */
		B245857D2423206100CC75A4 /* Debug */ = {
			isa = XCBuildConfiguration;
			buildSettings = {
				BUNDLE_LOADER = "$(TEST_HOST)";
				CLANG_ANALYZER_NONNULL = YES;
				CLANG_ANALYZER_NUMBER_OBJECT_CONVERSION = YES_AGGRESSIVE;
				CLANG_CXX_LANGUAGE_STANDARD = "gnu++14";
				CLANG_CXX_LIBRARY = "libc++";
				CLANG_ENABLE_MODULES = YES;
				CLANG_ENABLE_OBJC_ARC = YES;
				CLANG_ENABLE_OBJC_WEAK = YES;
				CLANG_WARN_DIRECT_OBJC_ISA_USAGE = YES_ERROR;
				CLANG_WARN_DOCUMENTATION_COMMENTS = YES;
				CLANG_WARN_OBJC_ROOT_CLASS = YES_ERROR;
				CLANG_WARN_UNGUARDED_AVAILABILITY = YES_AGGRESSIVE;
				CODE_SIGN_IDENTITY = "-";
				CODE_SIGN_STYLE = Automatic;
				COMBINE_HIDPI_IMAGES = YES;
				COPY_PHASE_STRIP = NO;
				DEBUG_INFORMATION_FORMAT = dwarf;
				DEVELOPMENT_TEAM = M72QZ9W58G;
				GCC_C_LANGUAGE_STANDARD = gnu11;
				GCC_DYNAMIC_NO_PIC = NO;
				GCC_OPTIMIZATION_LEVEL = 0;
				GCC_PREPROCESSOR_DEFINITIONS = (
					"DEBUG=1",
					"$(inherited)",
				);
				GCC_WARN_ABOUT_RETURN_TYPE = YES_ERROR;
				GCC_WARN_UNINITIALIZED_AUTOS = YES_AGGRESSIVE;
				INFOPLIST_FILE = PunycodeSwiftTests/Info.plist;
				LD_RUNPATH_SEARCH_PATHS = (
					"$(inherited)",
					"@executable_path/../Frameworks",
					"@loader_path/../Frameworks",
				);
				MACOSX_DEPLOYMENT_TARGET = 10.15;
				MTL_ENABLE_DEBUG_INFO = INCLUDE_SOURCE;
				MTL_FAST_MATH = YES;
				PRODUCT_BUNDLE_IDENTIFIER = org.derailer.PunycodeSwiftTests;
				PRODUCT_NAME = "$(TARGET_NAME)";
				SDKROOT = macosx;
				SWIFT_ACTIVE_COMPILATION_CONDITIONS = DEBUG;
				SWIFT_OPTIMIZATION_LEVEL = "-Onone";
				TEST_HOST = "$(BUILT_PRODUCTS_DIR)/PunyCocoa Swift.app/Contents/MacOS/PunyCocoa Swift";
			};
			name = Debug;
		};
		B245857E2423206100CC75A4 /* Release */ = {
			isa = XCBuildConfiguration;
			buildSettings = {
				BUNDLE_LOADER = "$(TEST_HOST)";
				CLANG_ANALYZER_NONNULL = YES;
				CLANG_ANALYZER_NUMBER_OBJECT_CONVERSION = YES_AGGRESSIVE;
				CLANG_CXX_LANGUAGE_STANDARD = "gnu++14";
				CLANG_CXX_LIBRARY = "libc++";
				CLANG_ENABLE_MODULES = YES;
				CLANG_ENABLE_OBJC_ARC = YES;
				CLANG_ENABLE_OBJC_WEAK = YES;
				CLANG_WARN_DIRECT_OBJC_ISA_USAGE = YES_ERROR;
				CLANG_WARN_DOCUMENTATION_COMMENTS = YES;
				CLANG_WARN_OBJC_ROOT_CLASS = YES_ERROR;
				CLANG_WARN_UNGUARDED_AVAILABILITY = YES_AGGRESSIVE;
				CODE_SIGN_IDENTITY = "-";
				CODE_SIGN_STYLE = Automatic;
				COMBINE_HIDPI_IMAGES = YES;
				COPY_PHASE_STRIP = NO;
				DEBUG_INFORMATION_FORMAT = "dwarf-with-dsym";
				DEVELOPMENT_TEAM = M72QZ9W58G;
				ENABLE_NS_ASSERTIONS = NO;
				GCC_C_LANGUAGE_STANDARD = gnu11;
				GCC_WARN_ABOUT_RETURN_TYPE = YES_ERROR;
				GCC_WARN_UNINITIALIZED_AUTOS = YES_AGGRESSIVE;
				INFOPLIST_FILE = PunycodeSwiftTests/Info.plist;
				LD_RUNPATH_SEARCH_PATHS = (
					"$(inherited)",
					"@executable_path/../Frameworks",
					"@loader_path/../Frameworks",
				);
				MACOSX_DEPLOYMENT_TARGET = 10.15;
				MTL_ENABLE_DEBUG_INFO = NO;
				MTL_FAST_MATH = YES;
				PRODUCT_BUNDLE_IDENTIFIER = org.derailer.PunycodeSwiftTests;
				PRODUCT_NAME = "$(TARGET_NAME)";
				SDKROOT = macosx;
				SWIFT_COMPILATION_MODE = wholemodule;
				SWIFT_OPTIMIZATION_LEVEL = "-O";
				TEST_HOST = "$(BUILT_PRODUCTS_DIR)/PunyCocoa Swift.app/Contents/MacOS/PunyCocoa Swift";
			};
			name = Release;
		};
		B2552E2F22B134680015B473 /* Debug */ = {
			isa = XCBuildConfiguration;
			buildSettings = {
				ASSETCATALOG_COMPILER_APPICON_NAME = AppIcon;
				CLANG_ANALYZER_NONNULL = YES;
				CLANG_ANALYZER_NUMBER_OBJECT_CONVERSION = YES_AGGRESSIVE;
				CLANG_CXX_LANGUAGE_STANDARD = "gnu++14";
				CLANG_CXX_LIBRARY = "libc++";
				CLANG_ENABLE_MODULES = YES;
				CLANG_ENABLE_OBJC_ARC = YES;
				CLANG_ENABLE_OBJC_WEAK = YES;
				CLANG_WARN_DIRECT_OBJC_ISA_USAGE = YES_ERROR;
				CLANG_WARN_DOCUMENTATION_COMMENTS = YES;
				CLANG_WARN_OBJC_ROOT_CLASS = YES_ERROR;
				CLANG_WARN_UNGUARDED_AVAILABILITY = YES_AGGRESSIVE;
				CODE_SIGN_ENTITLEMENTS = iOS/PunyCocoaTouch.entitlements;
				CODE_SIGN_IDENTITY = "iPhone Developer";
				CODE_SIGN_STYLE = Automatic;
				COPY_PHASE_STRIP = NO;
				DEBUG_INFORMATION_FORMAT = dwarf;
				DEVELOPMENT_TEAM = M72QZ9W58G;
				GCC_C_LANGUAGE_STANDARD = gnu11;
				GCC_DYNAMIC_NO_PIC = NO;
				GCC_OPTIMIZATION_LEVEL = 0;
				GCC_PREPROCESSOR_DEFINITIONS = (
					"DEBUG=1",
					"$(inherited)",
				);
				GCC_WARN_ABOUT_RETURN_TYPE = YES_ERROR;
				GCC_WARN_UNINITIALIZED_AUTOS = YES_AGGRESSIVE;
				INFOPLIST_FILE = iOS/Info.plist;
				IPHONEOS_DEPLOYMENT_TARGET = 12.2;
				LD_RUNPATH_SEARCH_PATHS = (
					"$(inherited)",
					"@executable_path/Frameworks",
				);
				MTL_ENABLE_DEBUG_INFO = INCLUDE_SOURCE;
				MTL_FAST_MATH = YES;
				PRODUCT_BUNDLE_IDENTIFIER = org.derailer.PunyCocoaTouch;
				PRODUCT_NAME = "$(TARGET_NAME)";
				SDKROOT = iphoneos;
				SUPPORTS_MACCATALYST = YES;
				TARGETED_DEVICE_FAMILY = "1,2";
			};
			name = Debug;
		};
		B2552E3022B134680015B473 /* Release */ = {
			isa = XCBuildConfiguration;
			buildSettings = {
				ASSETCATALOG_COMPILER_APPICON_NAME = AppIcon;
				CLANG_ANALYZER_NONNULL = YES;
				CLANG_ANALYZER_NUMBER_OBJECT_CONVERSION = YES_AGGRESSIVE;
				CLANG_CXX_LANGUAGE_STANDARD = "gnu++14";
				CLANG_CXX_LIBRARY = "libc++";
				CLANG_ENABLE_MODULES = YES;
				CLANG_ENABLE_OBJC_ARC = YES;
				CLANG_ENABLE_OBJC_WEAK = YES;
				CLANG_WARN_DIRECT_OBJC_ISA_USAGE = YES_ERROR;
				CLANG_WARN_DOCUMENTATION_COMMENTS = YES;
				CLANG_WARN_OBJC_ROOT_CLASS = YES_ERROR;
				CLANG_WARN_UNGUARDED_AVAILABILITY = YES_AGGRESSIVE;
				CODE_SIGN_ENTITLEMENTS = iOS/PunyCocoaTouch.entitlements;
				CODE_SIGN_IDENTITY = "iPhone Developer";
				CODE_SIGN_STYLE = Automatic;
				COPY_PHASE_STRIP = NO;
				DEBUG_INFORMATION_FORMAT = "dwarf-with-dsym";
				DEVELOPMENT_TEAM = M72QZ9W58G;
				ENABLE_NS_ASSERTIONS = NO;
				GCC_C_LANGUAGE_STANDARD = gnu11;
				GCC_WARN_ABOUT_RETURN_TYPE = YES_ERROR;
				GCC_WARN_UNINITIALIZED_AUTOS = YES_AGGRESSIVE;
				INFOPLIST_FILE = iOS/Info.plist;
				IPHONEOS_DEPLOYMENT_TARGET = 12.2;
				LD_RUNPATH_SEARCH_PATHS = (
					"$(inherited)",
					"@executable_path/Frameworks",
				);
				MTL_ENABLE_DEBUG_INFO = NO;
				MTL_FAST_MATH = YES;
				PRODUCT_BUNDLE_IDENTIFIER = org.derailer.PunyCocoaTouch;
				PRODUCT_NAME = "$(TARGET_NAME)";
				SDKROOT = iphoneos;
				SUPPORTS_MACCATALYST = YES;
				TARGETED_DEVICE_FAMILY = "1,2";
				VALIDATE_PRODUCT = YES;
			};
			name = Release;
		};
		B2A4B165246A146E00ED32EB /* Debug */ = {
			isa = XCBuildConfiguration;
			buildSettings = {
				BUILD_LIBRARY_FOR_DISTRIBUTION = YES;
				CLANG_ANALYZER_NONNULL = YES;
				CLANG_ANALYZER_NUMBER_OBJECT_CONVERSION = YES_AGGRESSIVE;
				CLANG_CXX_LANGUAGE_STANDARD = "gnu++14";
				CLANG_CXX_LIBRARY = "libc++";
				CLANG_ENABLE_MODULES = YES;
				CLANG_ENABLE_OBJC_ARC = YES;
				CLANG_ENABLE_OBJC_WEAK = YES;
				CLANG_WARN_DIRECT_OBJC_ISA_USAGE = YES_ERROR;
				CLANG_WARN_DOCUMENTATION_COMMENTS = YES;
				CLANG_WARN_OBJC_ROOT_CLASS = YES_ERROR;
				CLANG_WARN_UNGUARDED_AVAILABILITY = YES_AGGRESSIVE;
				CODE_SIGN_STYLE = Automatic;
				COPY_PHASE_STRIP = NO;
				CURRENT_PROJECT_VERSION = 1;
				DEBUG_INFORMATION_FORMAT = dwarf;
				DEFINES_MODULE = YES;
				DEVELOPMENT_TEAM = M72QZ9W58G;
				DYLIB_COMPATIBILITY_VERSION = 1;
				DYLIB_CURRENT_VERSION = 1;
				DYLIB_INSTALL_NAME_BASE = "@rpath";
				GCC_C_LANGUAGE_STANDARD = gnu11;
				GCC_DYNAMIC_NO_PIC = NO;
				GCC_OPTIMIZATION_LEVEL = 0;
				GCC_PREPROCESSOR_DEFINITIONS = (
					"DEBUG=1",
					"$(inherited)",
				);
				GCC_WARN_ABOUT_RETURN_TYPE = YES_ERROR;
				GCC_WARN_UNINITIALIZED_AUTOS = YES_AGGRESSIVE;
				INFOPLIST_FILE = PunycodeCocoaTouch/Info.plist;
				INSTALL_PATH = "$(LOCAL_LIBRARY_DIR)/Frameworks";
				IPHONEOS_DEPLOYMENT_TARGET = 12.2;
				LD_RUNPATH_SEARCH_PATHS = (
					"$(inherited)",
					"@executable_path/Frameworks",
					"@loader_path/Frameworks",
				);
				MTL_ENABLE_DEBUG_INFO = INCLUDE_SOURCE;
				MTL_FAST_MATH = YES;
				PRODUCT_BUNDLE_IDENTIFIER = org.derailer.PunycodeCocoaTouch;
				PRODUCT_NAME = "$(TARGET_NAME:c99extidentifier)";
				SDKROOT = iphoneos;
				SKIP_INSTALL = YES;
				SWIFT_ACTIVE_COMPILATION_CONDITIONS = DEBUG;
				SWIFT_OPTIMIZATION_LEVEL = "-Onone";
				TARGETED_DEVICE_FAMILY = "1,2";
				VERSIONING_SYSTEM = "apple-generic";
				VERSION_INFO_PREFIX = "";
			};
			name = Debug;
		};
		B2A4B166246A146E00ED32EB /* Release */ = {
			isa = XCBuildConfiguration;
			buildSettings = {
				BUILD_LIBRARY_FOR_DISTRIBUTION = YES;
				CLANG_ANALYZER_NONNULL = YES;
				CLANG_ANALYZER_NUMBER_OBJECT_CONVERSION = YES_AGGRESSIVE;
				CLANG_CXX_LANGUAGE_STANDARD = "gnu++14";
				CLANG_CXX_LIBRARY = "libc++";
				CLANG_ENABLE_MODULES = YES;
				CLANG_ENABLE_OBJC_ARC = YES;
				CLANG_ENABLE_OBJC_WEAK = YES;
				CLANG_WARN_DIRECT_OBJC_ISA_USAGE = YES_ERROR;
				CLANG_WARN_DOCUMENTATION_COMMENTS = YES;
				CLANG_WARN_OBJC_ROOT_CLASS = YES_ERROR;
				CLANG_WARN_UNGUARDED_AVAILABILITY = YES_AGGRESSIVE;
				CODE_SIGN_STYLE = Automatic;
				COPY_PHASE_STRIP = NO;
				CURRENT_PROJECT_VERSION = 1;
				DEBUG_INFORMATION_FORMAT = "dwarf-with-dsym";
				DEFINES_MODULE = YES;
				DEVELOPMENT_TEAM = M72QZ9W58G;
				DYLIB_COMPATIBILITY_VERSION = 1;
				DYLIB_CURRENT_VERSION = 1;
				DYLIB_INSTALL_NAME_BASE = "@rpath";
				ENABLE_NS_ASSERTIONS = NO;
				GCC_C_LANGUAGE_STANDARD = gnu11;
				GCC_WARN_ABOUT_RETURN_TYPE = YES_ERROR;
				GCC_WARN_UNINITIALIZED_AUTOS = YES_AGGRESSIVE;
				INFOPLIST_FILE = PunycodeCocoaTouch/Info.plist;
				INSTALL_PATH = "$(LOCAL_LIBRARY_DIR)/Frameworks";
				IPHONEOS_DEPLOYMENT_TARGET = 12.2;
				LD_RUNPATH_SEARCH_PATHS = (
					"$(inherited)",
					"@executable_path/Frameworks",
					"@loader_path/Frameworks",
				);
				MTL_ENABLE_DEBUG_INFO = NO;
				MTL_FAST_MATH = YES;
				PRODUCT_BUNDLE_IDENTIFIER = org.derailer.PunycodeCocoaTouch;
				PRODUCT_NAME = "$(TARGET_NAME:c99extidentifier)";
				SDKROOT = iphoneos;
				SKIP_INSTALL = NO;
				SWIFT_OPTIMIZATION_LEVEL = "-O";
				TARGETED_DEVICE_FAMILY = "1,2";
				VALIDATE_PRODUCT = YES;
				VERSIONING_SYSTEM = "apple-generic";
				VERSION_INFO_PREFIX = "";
			};
			name = Release;
		};
		B2B33EA90A9B4534002D5B27 /* Debug */ = {
			isa = XCBuildConfiguration;
			buildSettings = {
				ALWAYS_EMBED_SWIFT_STANDARD_LIBRARIES = YES;
				CLANG_ENABLE_OBJC_ARC = YES;
				CODE_SIGN_IDENTITY = "-";
				CODE_SIGN_STYLE = Automatic;
				COMBINE_HIDPI_IMAGES = YES;
				COPY_PHASE_STRIP = NO;
				DEVELOPMENT_TEAM = M72QZ9W58G;
				GCC_DYNAMIC_NO_PIC = NO;
				GCC_GENERATE_DEBUGGING_SYMBOLS = YES;
				GCC_OPTIMIZATION_LEVEL = 0;
				GCC_PRECOMPILE_PREFIX_HEADER = YES;
				GCC_PREPROCESSOR_DEFINITIONS = PUNYCODE_COCOA_USE_ICU;
				GCC_TREAT_WARNINGS_AS_ERRORS = YES;
				INFOPLIST_FILE = "Mac (ObjC)/Info.plist";
				INSTALL_PATH = "$(HOME)/Applications";
				LD_RUNPATH_SEARCH_PATHS = (
					"$(inherited)",
					"@executable_path/../Frameworks",
				);
				LIBRARY_SEARCH_PATHS = (
					"$(inherited)",
					"$(PROJECT_DIR)",
				);
				MACOSX_DEPLOYMENT_TARGET = 10.11;
				PRODUCT_BUNDLE_IDENTIFIER = org.derailer.PunyCocoa;
				PRODUCT_NAME = "$(TARGET_NAME)";
				PROVISIONING_PROFILE_SPECIFIER = "";
				SDKROOT = macosx;
				SWIFT_OPTIMIZATION_LEVEL = "-Onone";
				WARNING_CFLAGS = (
					"-Wmost",
					"-Wno-four-char-constants",
					"-Wno-unknown-pragmas",
				);
				WRAPPER_EXTENSION = app;
			};
			name = Debug;
		};
		B2B33EAA0A9B4534002D5B27 /* Release */ = {
			isa = XCBuildConfiguration;
			buildSettings = {
				ALWAYS_EMBED_SWIFT_STANDARD_LIBRARIES = YES;
				CLANG_ENABLE_OBJC_ARC = YES;
				CODE_SIGN_IDENTITY = "-";
				CODE_SIGN_STYLE = Automatic;
				COMBINE_HIDPI_IMAGES = YES;
				COPY_PHASE_STRIP = YES;
				DEVELOPMENT_TEAM = M72QZ9W58G;
				GCC_PRECOMPILE_PREFIX_HEADER = YES;
				GCC_PREPROCESSOR_DEFINITIONS = PUNYCODE_COCOA_USE_ICU;
				GCC_TREAT_WARNINGS_AS_ERRORS = YES;
				INFOPLIST_FILE = "Mac (ObjC)/Info.plist";
				INSTALL_PATH = "$(HOME)/Applications";
				LD_RUNPATH_SEARCH_PATHS = (
					"$(inherited)",
					"@executable_path/../Frameworks",
				);
				LIBRARY_SEARCH_PATHS = (
					"$(inherited)",
					"$(PROJECT_DIR)",
				);
				MACOSX_DEPLOYMENT_TARGET = 10.11;
				PRODUCT_BUNDLE_IDENTIFIER = org.derailer.PunyCocoa;
				PRODUCT_NAME = "$(TARGET_NAME)";
				PROVISIONING_PROFILE_SPECIFIER = "";
				SDKROOT = macosx;
				WARNING_CFLAGS = (
					"-Wmost",
					"-Wno-four-char-constants",
					"-Wno-unknown-pragmas",
				);
				WRAPPER_EXTENSION = app;
			};
			name = Release;
		};
		B2B33EAD0A9B4534002D5B27 /* Debug */ = {
			isa = XCBuildConfiguration;
			buildSettings = {
				ALWAYS_SEARCH_USER_PATHS = NO;
				CLANG_WARN_BLOCK_CAPTURE_AUTORELEASING = YES;
				CLANG_WARN_BOOL_CONVERSION = YES;
				CLANG_WARN_COMMA = YES;
				CLANG_WARN_CONSTANT_CONVERSION = YES;
				CLANG_WARN_DEPRECATED_OBJC_IMPLEMENTATIONS = YES;
				CLANG_WARN_EMPTY_BODY = YES;
				CLANG_WARN_ENUM_CONVERSION = YES;
				CLANG_WARN_IMPLICIT_SIGN_CONVERSION = YES;
				CLANG_WARN_INFINITE_RECURSION = YES;
				CLANG_WARN_INT_CONVERSION = YES;
				CLANG_WARN_NON_LITERAL_NULL_CONVERSION = YES;
				CLANG_WARN_OBJC_IMPLICIT_RETAIN_SELF = YES;
				CLANG_WARN_OBJC_LITERAL_CONVERSION = YES;
				CLANG_WARN_QUOTED_INCLUDE_IN_FRAMEWORK_HEADER = YES;
				CLANG_WARN_RANGE_LOOP_ANALYSIS = YES;
				CLANG_WARN_STRICT_PROTOTYPES = YES;
				CLANG_WARN_SUSPICIOUS_IMPLICIT_CONVERSION = YES;
				CLANG_WARN_SUSPICIOUS_MOVE = YES;
				CLANG_WARN_UNREACHABLE_CODE = YES;
				CLANG_WARN__DUPLICATE_METHOD_MATCH = YES;
				ENABLE_STRICT_OBJC_MSGSEND = YES;
				ENABLE_TESTABILITY = YES;
				GCC_NO_COMMON_BLOCKS = YES;
				GCC_VERSION = com.apple.compilers.llvm.clang.1_0;
				GCC_WARN_64_TO_32_BIT_CONVERSION = YES;
				GCC_WARN_ABOUT_RETURN_TYPE = YES;
				GCC_WARN_UNDECLARED_SELECTOR = YES;
				GCC_WARN_UNINITIALIZED_AUTOS = YES;
				GCC_WARN_UNUSED_FUNCTION = YES;
				GCC_WARN_UNUSED_VARIABLE = YES;
				HEADER_SEARCH_PATHS = "$(SRCROOT)/Shared";
				LIBRARY_SEARCH_PATHS = "/usr/lib/**";
				ONLY_ACTIVE_ARCH = YES;
				OTHER_SWIFT_FLAGS = "-Xfrontend -warn-long-expression-type-checking=300";
				RUN_CLANG_STATIC_ANALYZER = YES;
				SWIFT_VERSION = 5.0;
			};
			name = Debug;
		};
		B2B33EAE0A9B4534002D5B27 /* Release */ = {
			isa = XCBuildConfiguration;
			buildSettings = {
				ALWAYS_SEARCH_USER_PATHS = NO;
				CLANG_WARN_BLOCK_CAPTURE_AUTORELEASING = YES;
				CLANG_WARN_BOOL_CONVERSION = YES;
				CLANG_WARN_COMMA = YES;
				CLANG_WARN_CONSTANT_CONVERSION = YES;
				CLANG_WARN_DEPRECATED_OBJC_IMPLEMENTATIONS = YES;
				CLANG_WARN_EMPTY_BODY = YES;
				CLANG_WARN_ENUM_CONVERSION = YES;
				CLANG_WARN_IMPLICIT_SIGN_CONVERSION = YES;
				CLANG_WARN_INFINITE_RECURSION = YES;
				CLANG_WARN_INT_CONVERSION = YES;
				CLANG_WARN_NON_LITERAL_NULL_CONVERSION = YES;
				CLANG_WARN_OBJC_IMPLICIT_RETAIN_SELF = YES;
				CLANG_WARN_OBJC_LITERAL_CONVERSION = YES;
				CLANG_WARN_QUOTED_INCLUDE_IN_FRAMEWORK_HEADER = YES;
				CLANG_WARN_RANGE_LOOP_ANALYSIS = YES;
				CLANG_WARN_STRICT_PROTOTYPES = YES;
				CLANG_WARN_SUSPICIOUS_IMPLICIT_CONVERSION = YES;
				CLANG_WARN_SUSPICIOUS_MOVE = YES;
				CLANG_WARN_UNREACHABLE_CODE = YES;
				CLANG_WARN__DUPLICATE_METHOD_MATCH = YES;
				ENABLE_STRICT_OBJC_MSGSEND = YES;
				GCC_NO_COMMON_BLOCKS = YES;
				GCC_VERSION = com.apple.compilers.llvm.clang.1_0;
				GCC_WARN_64_TO_32_BIT_CONVERSION = YES;
				GCC_WARN_ABOUT_RETURN_TYPE = YES;
				GCC_WARN_UNDECLARED_SELECTOR = YES;
				GCC_WARN_UNINITIALIZED_AUTOS = YES;
				GCC_WARN_UNUSED_FUNCTION = YES;
				GCC_WARN_UNUSED_VARIABLE = YES;
				HEADER_SEARCH_PATHS = "$(SRCROOT)/Shared";
				LIBRARY_SEARCH_PATHS = "/usr/lib/**";
				OTHER_SWIFT_FLAGS = "-Xfrontend -warn-long-expression-type-checking=300";
				RUN_CLANG_STATIC_ANALYZER = YES;
				SWIFT_COMPILATION_MODE = wholemodule;
				SWIFT_VERSION = 5.0;
			};
			name = Release;
		};
		B2B4F3D1242EB79E00CC752F /* Debug */ = {
			isa = XCBuildConfiguration;
			buildSettings = {
				CLANG_ANALYZER_NONNULL = YES;
				CLANG_ANALYZER_NUMBER_OBJECT_CONVERSION = YES_AGGRESSIVE;
				CLANG_CXX_LANGUAGE_STANDARD = "gnu++14";
				CLANG_CXX_LIBRARY = "libc++";
				CLANG_ENABLE_MODULES = YES;
				CLANG_ENABLE_OBJC_ARC = YES;
				CLANG_ENABLE_OBJC_WEAK = YES;
				CLANG_WARN_DIRECT_OBJC_ISA_USAGE = YES_ERROR;
				CLANG_WARN_DOCUMENTATION_COMMENTS = YES;
				CLANG_WARN_OBJC_ROOT_CLASS = YES_ERROR;
				CLANG_WARN_UNGUARDED_AVAILABILITY = YES_AGGRESSIVE;
				CODE_SIGN_IDENTITY = "-";
				CODE_SIGN_STYLE = Automatic;
				COPY_PHASE_STRIP = NO;
				DEBUG_INFORMATION_FORMAT = dwarf;
				DEVELOPMENT_TEAM = M72QZ9W58G;
				ENABLE_HARDENED_RUNTIME = YES;
				GCC_C_LANGUAGE_STANDARD = gnu11;
				GCC_DYNAMIC_NO_PIC = NO;
				GCC_OPTIMIZATION_LEVEL = 0;
				GCC_PREPROCESSOR_DEFINITIONS = (
					"DEBUG=1",
					"$(inherited)",
				);
				GCC_WARN_ABOUT_RETURN_TYPE = YES_ERROR;
				GCC_WARN_UNINITIALIZED_AUTOS = YES_AGGRESSIVE;
				MACOSX_DEPLOYMENT_TARGET = 10.15;
				MTL_ENABLE_DEBUG_INFO = INCLUDE_SOURCE;
				MTL_FAST_MATH = YES;
				PRODUCT_NAME = "$(TARGET_NAME)";
				SDKROOT = macosx;
				SWIFT_ACTIVE_COMPILATION_CONDITIONS = DEBUG;
				SWIFT_OPTIMIZATION_LEVEL = "-Onone";
			};
			name = Debug;
		};
		B2B4F3D2242EB79E00CC752F /* Release */ = {
			isa = XCBuildConfiguration;
			buildSettings = {
				CLANG_ANALYZER_NONNULL = YES;
				CLANG_ANALYZER_NUMBER_OBJECT_CONVERSION = YES_AGGRESSIVE;
				CLANG_CXX_LANGUAGE_STANDARD = "gnu++14";
				CLANG_CXX_LIBRARY = "libc++";
				CLANG_ENABLE_MODULES = YES;
				CLANG_ENABLE_OBJC_ARC = YES;
				CLANG_ENABLE_OBJC_WEAK = YES;
				CLANG_WARN_DIRECT_OBJC_ISA_USAGE = YES_ERROR;
				CLANG_WARN_DOCUMENTATION_COMMENTS = YES;
				CLANG_WARN_OBJC_ROOT_CLASS = YES_ERROR;
				CLANG_WARN_UNGUARDED_AVAILABILITY = YES_AGGRESSIVE;
				CODE_SIGN_IDENTITY = "-";
				CODE_SIGN_STYLE = Automatic;
				COPY_PHASE_STRIP = NO;
				DEBUG_INFORMATION_FORMAT = "dwarf-with-dsym";
				DEVELOPMENT_TEAM = M72QZ9W58G;
				ENABLE_HARDENED_RUNTIME = YES;
				ENABLE_NS_ASSERTIONS = NO;
				GCC_C_LANGUAGE_STANDARD = gnu11;
				GCC_WARN_ABOUT_RETURN_TYPE = YES_ERROR;
				GCC_WARN_UNINITIALIZED_AUTOS = YES_AGGRESSIVE;
				MACOSX_DEPLOYMENT_TARGET = 10.15;
				MTL_ENABLE_DEBUG_INFO = NO;
				MTL_FAST_MATH = YES;
				PRODUCT_NAME = "$(TARGET_NAME)";
				SDKROOT = macosx;
				SWIFT_OPTIMIZATION_LEVEL = "-O";
			};
			name = Release;
		};
		B2C3DD4E241FECF400484850 /* Debug */ = {
			isa = XCBuildConfiguration;
			buildSettings = {
				ASSETCATALOG_COMPILER_APPICON_NAME = AppIcon;
				CLANG_ANALYZER_NONNULL = YES;
				CLANG_ANALYZER_NUMBER_OBJECT_CONVERSION = YES_AGGRESSIVE;
				CLANG_CXX_LANGUAGE_STANDARD = "gnu++14";
				CLANG_CXX_LIBRARY = "libc++";
				CLANG_ENABLE_MODULES = YES;
				CLANG_ENABLE_OBJC_ARC = YES;
				CLANG_ENABLE_OBJC_WEAK = YES;
				CLANG_WARN_DIRECT_OBJC_ISA_USAGE = YES_ERROR;
				CLANG_WARN_DOCUMENTATION_COMMENTS = YES;
				CLANG_WARN_OBJC_ROOT_CLASS = YES_ERROR;
				CLANG_WARN_UNGUARDED_AVAILABILITY = YES_AGGRESSIVE;
				CODE_SIGN_ENTITLEMENTS = "Mac (Swift)/PunyCocoa_Swift.entitlements";
				CODE_SIGN_IDENTITY = "-";
				CODE_SIGN_STYLE = Automatic;
				COMBINE_HIDPI_IMAGES = YES;
				COPY_PHASE_STRIP = NO;
				DEBUG_INFORMATION_FORMAT = dwarf;
				DEVELOPMENT_TEAM = M72QZ9W58G;
				ENABLE_HARDENED_RUNTIME = NO;
				GCC_C_LANGUAGE_STANDARD = gnu11;
				GCC_DYNAMIC_NO_PIC = NO;
				GCC_OPTIMIZATION_LEVEL = 0;
				GCC_PREPROCESSOR_DEFINITIONS = (
					"DEBUG=1",
					"$(inherited)",
				);
				GCC_WARN_ABOUT_RETURN_TYPE = YES_ERROR;
				GCC_WARN_UNINITIALIZED_AUTOS = YES_AGGRESSIVE;
				INFOPLIST_FILE = "Mac (Swift)/Info.plist";
				LD_RUNPATH_SEARCH_PATHS = (
					"$(inherited)",
					"@executable_path/../Frameworks",
				);
				MACOSX_DEPLOYMENT_TARGET = 10.14.4;
				MTL_ENABLE_DEBUG_INFO = INCLUDE_SOURCE;
				MTL_FAST_MATH = YES;
				PRODUCT_BUNDLE_IDENTIFIER = "org.derailer.PunyCocoa-Swift";
				PRODUCT_NAME = "$(TARGET_NAME)";
				SDKROOT = macosx;
				SWIFT_ACTIVE_COMPILATION_CONDITIONS = DEBUG;
				SWIFT_OPTIMIZATION_LEVEL = "-Onone";
			};
			name = Debug;
		};
		B2C3DD4F241FECF400484850 /* Release */ = {
			isa = XCBuildConfiguration;
			buildSettings = {
				ASSETCATALOG_COMPILER_APPICON_NAME = AppIcon;
				CLANG_ANALYZER_NONNULL = YES;
				CLANG_ANALYZER_NUMBER_OBJECT_CONVERSION = YES_AGGRESSIVE;
				CLANG_CXX_LANGUAGE_STANDARD = "gnu++14";
				CLANG_CXX_LIBRARY = "libc++";
				CLANG_ENABLE_MODULES = YES;
				CLANG_ENABLE_OBJC_ARC = YES;
				CLANG_ENABLE_OBJC_WEAK = YES;
				CLANG_WARN_DIRECT_OBJC_ISA_USAGE = YES_ERROR;
				CLANG_WARN_DOCUMENTATION_COMMENTS = YES;
				CLANG_WARN_OBJC_ROOT_CLASS = YES_ERROR;
				CLANG_WARN_UNGUARDED_AVAILABILITY = YES_AGGRESSIVE;
				CODE_SIGN_ENTITLEMENTS = "Mac (Swift)/PunyCocoa_Swift.entitlements";
				CODE_SIGN_IDENTITY = "-";
				CODE_SIGN_STYLE = Automatic;
				COMBINE_HIDPI_IMAGES = YES;
				COPY_PHASE_STRIP = NO;
				DEBUG_INFORMATION_FORMAT = "dwarf-with-dsym";
				DEVELOPMENT_TEAM = M72QZ9W58G;
				ENABLE_HARDENED_RUNTIME = NO;
				ENABLE_NS_ASSERTIONS = NO;
				GCC_C_LANGUAGE_STANDARD = gnu11;
				GCC_WARN_ABOUT_RETURN_TYPE = YES_ERROR;
				GCC_WARN_UNINITIALIZED_AUTOS = YES_AGGRESSIVE;
				INFOPLIST_FILE = "Mac (Swift)/Info.plist";
				LD_RUNPATH_SEARCH_PATHS = (
					"$(inherited)",
					"@executable_path/../Frameworks",
				);
				MACOSX_DEPLOYMENT_TARGET = 10.14.4;
				MTL_ENABLE_DEBUG_INFO = NO;
				MTL_FAST_MATH = YES;
				PRODUCT_BUNDLE_IDENTIFIER = "org.derailer.PunyCocoa-Swift";
				PRODUCT_NAME = "$(TARGET_NAME)";
				SDKROOT = macosx;
			};
			name = Release;
		};
		B2C8FD6824661FC2006DF2D9 /* Debug */ = {
			isa = XCBuildConfiguration;
			buildSettings = {
				APPLICATION_EXTENSION_API_ONLY = YES;
				BUILD_LIBRARY_FOR_DISTRIBUTION = YES;
				CLANG_ANALYZER_NONNULL = YES;
				CLANG_ANALYZER_NUMBER_OBJECT_CONVERSION = YES_AGGRESSIVE;
				CLANG_CXX_LANGUAGE_STANDARD = "gnu++14";
				CLANG_CXX_LIBRARY = "libc++";
				CLANG_ENABLE_MODULES = YES;
				CLANG_ENABLE_OBJC_ARC = YES;
				CLANG_ENABLE_OBJC_WEAK = YES;
				CLANG_WARN_DIRECT_OBJC_ISA_USAGE = YES_ERROR;
				CLANG_WARN_DOCUMENTATION_COMMENTS = YES;
				CLANG_WARN_OBJC_ROOT_CLASS = YES_ERROR;
				CLANG_WARN_UNGUARDED_AVAILABILITY = YES_AGGRESSIVE;
				CODE_SIGN_IDENTITY = "-";
				CODE_SIGN_STYLE = Automatic;
				COMBINE_HIDPI_IMAGES = YES;
				COPY_PHASE_STRIP = NO;
				CURRENT_PROJECT_VERSION = 1;
				DEBUG_INFORMATION_FORMAT = dwarf;
				DEFINES_MODULE = YES;
				DEVELOPMENT_TEAM = M72QZ9W58G;
				DYLIB_COMPATIBILITY_VERSION = 1;
				DYLIB_CURRENT_VERSION = 1;
				DYLIB_INSTALL_NAME_BASE = "@rpath";
				GCC_C_LANGUAGE_STANDARD = gnu11;
				GCC_DYNAMIC_NO_PIC = NO;
				GCC_OPTIMIZATION_LEVEL = 0;
				GCC_PREPROCESSOR_DEFINITIONS = (
					"DEBUG=1",
					"$(inherited)",
				);
				GCC_WARN_ABOUT_RETURN_TYPE = YES_ERROR;
				GCC_WARN_UNINITIALIZED_AUTOS = YES_AGGRESSIVE;
				INFOPLIST_FILE = PunycodeCocoa/Info.plist;
				INSTALL_PATH = "$(LOCAL_LIBRARY_DIR)/Frameworks";
				LD_RUNPATH_SEARCH_PATHS = (
					"$(inherited)",
					"@executable_path/../Frameworks",
					"@loader_path/Frameworks",
				);
				MACOSX_DEPLOYMENT_TARGET = 10.12;
				MTL_ENABLE_DEBUG_INFO = INCLUDE_SOURCE;
				MTL_FAST_MATH = YES;
				PRODUCT_BUNDLE_IDENTIFIER = org.derailer.PunycodeCocoa;
				PRODUCT_NAME = "$(TARGET_NAME:c99extidentifier)";
				SDKROOT = macosx;
				SKIP_INSTALL = YES;
				SWIFT_ACTIVE_COMPILATION_CONDITIONS = DEBUG;
				SWIFT_OPTIMIZATION_LEVEL = "-Onone";
				VERSIONING_SYSTEM = "apple-generic";
				VERSION_INFO_PREFIX = "";
			};
			name = Debug;
		};
		B2C8FD6924661FC2006DF2D9 /* Release */ = {
			isa = XCBuildConfiguration;
			buildSettings = {
				APPLICATION_EXTENSION_API_ONLY = YES;
				BUILD_LIBRARY_FOR_DISTRIBUTION = YES;
				CLANG_ANALYZER_NONNULL = YES;
				CLANG_ANALYZER_NUMBER_OBJECT_CONVERSION = YES_AGGRESSIVE;
				CLANG_CXX_LANGUAGE_STANDARD = "gnu++14";
				CLANG_CXX_LIBRARY = "libc++";
				CLANG_ENABLE_MODULES = YES;
				CLANG_ENABLE_OBJC_ARC = YES;
				CLANG_ENABLE_OBJC_WEAK = YES;
				CLANG_WARN_DIRECT_OBJC_ISA_USAGE = YES_ERROR;
				CLANG_WARN_DOCUMENTATION_COMMENTS = YES;
				CLANG_WARN_OBJC_ROOT_CLASS = YES_ERROR;
				CLANG_WARN_UNGUARDED_AVAILABILITY = YES_AGGRESSIVE;
				CODE_SIGN_IDENTITY = "-";
				CODE_SIGN_STYLE = Automatic;
				COMBINE_HIDPI_IMAGES = YES;
				COPY_PHASE_STRIP = NO;
				CURRENT_PROJECT_VERSION = 1;
				DEBUG_INFORMATION_FORMAT = "dwarf-with-dsym";
				DEFINES_MODULE = YES;
				DEVELOPMENT_TEAM = M72QZ9W58G;
				DYLIB_COMPATIBILITY_VERSION = 1;
				DYLIB_CURRENT_VERSION = 1;
				DYLIB_INSTALL_NAME_BASE = "@rpath";
				ENABLE_NS_ASSERTIONS = NO;
				GCC_C_LANGUAGE_STANDARD = gnu11;
				GCC_WARN_ABOUT_RETURN_TYPE = YES_ERROR;
				GCC_WARN_UNINITIALIZED_AUTOS = YES_AGGRESSIVE;
				INFOPLIST_FILE = PunycodeCocoa/Info.plist;
				INSTALL_PATH = "$(LOCAL_LIBRARY_DIR)/Frameworks";
				LD_RUNPATH_SEARCH_PATHS = (
					"$(inherited)",
					"@executable_path/../Frameworks",
					"@loader_path/Frameworks",
				);
				MACOSX_DEPLOYMENT_TARGET = 10.12;
				MTL_ENABLE_DEBUG_INFO = NO;
				MTL_FAST_MATH = YES;
				PRODUCT_BUNDLE_IDENTIFIER = org.derailer.PunycodeCocoa;
				PRODUCT_NAME = "$(TARGET_NAME:c99extidentifier)";
				SDKROOT = macosx;
				SKIP_INSTALL = NO;
				SWIFT_OPTIMIZATION_LEVEL = "-O";
				VERSIONING_SYSTEM = "apple-generic";
				VERSION_INFO_PREFIX = "";
			};
			name = Release;
		};
/* End XCBuildConfiguration section */

/* Begin XCConfigurationList section */
		B245857C2423206100CC75A4 /* Build configuration list for PBXNativeTarget "IDNASwiftTests" */ = {
			isa = XCConfigurationList;
			buildConfigurations = (
				B245857D2423206100CC75A4 /* Debug */,
				B245857E2423206100CC75A4 /* Release */,
			);
			defaultConfigurationIsVisible = 0;
			defaultConfigurationName = Debug;
		};
		B2552E3122B134680015B473 /* Build configuration list for PBXNativeTarget "PunyCocoaTouch" */ = {
			isa = XCConfigurationList;
			buildConfigurations = (
				B2552E2F22B134680015B473 /* Debug */,
				B2552E3022B134680015B473 /* Release */,
			);
			defaultConfigurationIsVisible = 0;
			defaultConfigurationName = Debug;
		};
		B2A4B167246A146E00ED32EB /* Build configuration list for PBXNativeTarget "IDNACocoaTouch" */ = {
			isa = XCConfigurationList;
			buildConfigurations = (
				B2A4B165246A146E00ED32EB /* Debug */,
				B2A4B166246A146E00ED32EB /* Release */,
			);
			defaultConfigurationIsVisible = 0;
			defaultConfigurationName = Debug;
		};
		B2B33EA80A9B4534002D5B27 /* Build configuration list for PBXNativeTarget "PunyCocoa ObjC" */ = {
			isa = XCConfigurationList;
			buildConfigurations = (
				B2B33EA90A9B4534002D5B27 /* Debug */,
				B2B33EAA0A9B4534002D5B27 /* Release */,
			);
			defaultConfigurationIsVisible = 0;
			defaultConfigurationName = Debug;
		};
		B2B33EAC0A9B4534002D5B27 /* Build configuration list for PBXProject "IDNA" */ = {
			isa = XCConfigurationList;
			buildConfigurations = (
				B2B33EAD0A9B4534002D5B27 /* Debug */,
				B2B33EAE0A9B4534002D5B27 /* Release */,
			);
			defaultConfigurationIsVisible = 0;
			defaultConfigurationName = Debug;
		};
		B2B4F3D3242EB79E00CC752F /* Build configuration list for PBXNativeTarget "icumap2code" */ = {
			isa = XCConfigurationList;
			buildConfigurations = (
				B2B4F3D1242EB79E00CC752F /* Debug */,
				B2B4F3D2242EB79E00CC752F /* Release */,
			);
			defaultConfigurationIsVisible = 0;
			defaultConfigurationName = Debug;
		};
		B2C3DD4D241FECF400484850 /* Build configuration list for PBXNativeTarget "PunyCocoa Swift" */ = {
			isa = XCConfigurationList;
			buildConfigurations = (
				B2C3DD4E241FECF400484850 /* Debug */,
				B2C3DD4F241FECF400484850 /* Release */,
			);
			defaultConfigurationIsVisible = 0;
			defaultConfigurationName = Debug;
		};
		B2C8FD6A24661FC2006DF2D9 /* Build configuration list for PBXNativeTarget "IDNACocoa" */ = {
			isa = XCConfigurationList;
			buildConfigurations = (
				B2C8FD6824661FC2006DF2D9 /* Debug */,
				B2C8FD6924661FC2006DF2D9 /* Release */,
			);
			defaultConfigurationIsVisible = 0;
			defaultConfigurationName = Debug;
		};
/* End XCConfigurationList section */

/* Begin XCRemoteSwiftPackageReference section */
		B2CF9C692430728800A23B4E /* XCRemoteSwiftPackageReference "swift-argument-parser" */ = {
			isa = XCRemoteSwiftPackageReference;
			repositoryURL = "git@github.com:apple/swift-argument-parser.git";
			requirement = {
				branch = main;
				kind = branch;
			};
		};
/* End XCRemoteSwiftPackageReference section */

/* Begin XCSwiftPackageProductDependency section */
		B2CF9C6A2430728800A23B4E /* ArgumentParser */ = {
			isa = XCSwiftPackageProductDependency;
			package = B2CF9C692430728800A23B4E /* XCRemoteSwiftPackageReference "swift-argument-parser" */;
			productName = ArgumentParser;
		};
/* End XCSwiftPackageProductDependency section */
	};
	rootObject = 29B97313FDCFA39411CA2CEA /* Project object */;
}
