{
  "object": {
    "pins": [
      {
        "package": "swift-argument-parser",
        "repositoryURL": "git@github.com:apple/swift-argument-parser.git",
        "state": {
          "branch": "master",
          "revision": "7255fd547f70468e19abbac5f7964f1ef309ad92",
          "version": null
        }
      }
    ]
  },
  "version": 1
}
