{
  "object": {
    "pins": [
      {
        "package": "swift-argument-parser",
        "repositoryURL": "git@github.com:apple/swift-argument-parser.git",
        "state": {
          "branch": "master",
          "revision": "e77b025008731be24d7f46e575def4027ab3a07e",
          "version": null
        }
      }
    ]
  },
  "version": 1
}
