{
  "object": {
    "pins": [
      {
        "package": "swift-argument-parser",
        "repositoryURL": "git@github.com:apple/swift-argument-parser.git",
        "state": {
          "branch": "master",
          "revision": "0458ae288ed91af39718a93fbc2c6cbba8de4195",
          "version": null
        }
      }
    ]
  },
  "version": 1
}
